// !$*UTF8*$!
{
	archiveVersion = 1;
	classes = {
	};
	objectVersion = 48;
	objects = {

/* Begin PBXBuildFile section */
		5DDC04B79518FDE65A9AC81B /* Pods_SwiftTools.framework in Frameworks */ = {isa = PBXBuildFile; fileRef = 415EAB8B3A578FC84B784CC9 /* Pods_SwiftTools.framework */; };
		E1029F112069E32600157324 /* TYSLiveCommonModel.swift in Sources */ = {isa = PBXBuildFile; fileRef = E1029F102069E32600157324 /* TYSLiveCommonModel.swift */; };
		E1029F1D2069E8F000157324 /* AYCacheManager.swift in Sources */ = {isa = PBXBuildFile; fileRef = E1029F162069E8F000157324 /* AYCacheManager.swift */; };
		E1029F1E2069E8F000157324 /* AYNetTools.swift in Sources */ = {isa = PBXBuildFile; fileRef = E1029F172069E8F000157324 /* AYNetTools.swift */; };
		E1029F1F2069E8F000157324 /* AYRequestManager.swift in Sources */ = {isa = PBXBuildFile; fileRef = E1029F182069E8F000157324 /* AYRequestManager.swift */; };
		E1029F202069E8F000157324 /* AYValue.swift in Sources */ = {isa = PBXBuildFile; fileRef = E1029F192069E8F000157324 /* AYValue.swift */; };
		E1029F212069E8F000157324 /* CacheKey.swift in Sources */ = {isa = PBXBuildFile; fileRef = E1029F1A2069E8F000157324 /* CacheKey.swift */; };
		E1029F222069E8F000157324 /* TYSNetTools.swift in Sources */ = {isa = PBXBuildFile; fileRef = E1029F1C2069E8F000157324 /* TYSNetTools.swift */; };
		E1029F242069E91600157324 /* TYSBaseModel.swift in Sources */ = {isa = PBXBuildFile; fileRef = E1029F232069E91600157324 /* TYSBaseModel.swift */; };
		E1029F262069ECD800157324 /* TYSRequestModel.swift in Sources */ = {isa = PBXBuildFile; fileRef = E1029F252069ECD800157324 /* TYSRequestModel.swift */; };
		E1029F28206A1E6100157324 /* TYSHomeLiveModel.swift in Sources */ = {isa = PBXBuildFile; fileRef = E1029F27206A1E6100157324 /* TYSHomeLiveModel.swift */; };
		E1029F2A206A3B9100157324 /* TYSHomeRequestNetworking.swift in Sources */ = {isa = PBXBuildFile; fileRef = E1029F29206A3B9100157324 /* TYSHomeRequestNetworking.swift */; };
		E122FD4A207A1D7500DF0816 /* OpenAL.framework in Frameworks */ = {isa = PBXBuildFile; fileRef = E122FD49207A1D7500DF0816 /* OpenAL.framework */; };
		E122FD4C207A1D8300DF0816 /* libz.tbd in Frameworks */ = {isa = PBXBuildFile; fileRef = E122FD4B207A1D8300DF0816 /* libz.tbd */; };
		E122FD4E207A1D9400DF0816 /* libiconv.tbd in Frameworks */ = {isa = PBXBuildFile; fileRef = E122FD4D207A1D9400DF0816 /* libiconv.tbd */; };
		E122FD50207A1DA000DF0816 /* libsqlite3.tbd in Frameworks */ = {isa = PBXBuildFile; fileRef = E122FD4F207A1DA000DF0816 /* libsqlite3.tbd */; };
		E122FD52207A1DA900DF0816 /* GLKit.framework in Frameworks */ = {isa = PBXBuildFile; fileRef = E122FD51207A1DA900DF0816 /* GLKit.framework */; };
		E122FD54207A231800DF0816 /* VodSDK.framework in Sources */ = {isa = PBXBuildFile; fileRef = E12F956C207A1C83009CA14E /* VodSDK.framework */; };
		E12F956D207A1C83009CA14E /* VodSDK.framework in Frameworks */ = {isa = PBXBuildFile; fileRef = E12F956C207A1C83009CA14E /* VodSDK.framework */; };
		E13964BA206B8F76002B4023 /* TYSInterestedPeopleModel.swift in Sources */ = {isa = PBXBuildFile; fileRef = E13964B9206B8F76002B4023 /* TYSInterestedPeopleModel.swift */; };
		E1427235207B5367001FC52D /* TYSLoginRequest.swift in Sources */ = {isa = PBXBuildFile; fileRef = E1427234207B5367001FC52D /* TYSLoginRequest.swift */; };
		E1427237207B53EC001FC52D /* TYSLoginModel.swift in Sources */ = {isa = PBXBuildFile; fileRef = E1427236207B53EC001FC52D /* TYSLoginModel.swift */; };
		E142723A207B68A2001FC52D /* AYKeychain.m in Sources */ = {isa = PBXBuildFile; fileRef = E1427238207B68A2001FC52D /* AYKeychain.m */; };
		E15191BB2071E2A900C419A0 /* TYSConnectionViewController.swift in Sources */ = {isa = PBXBuildFile; fileRef = E15191A02071E2A900C419A0 /* TYSConnectionViewController.swift */; };
		E15191BC2071E2A900C419A0 /* TYSRecReadAboutMeViewController.swift in Sources */ = {isa = PBXBuildFile; fileRef = E15191A52071E2A900C419A0 /* TYSRecReadAboutMeViewController.swift */; };
		E15191BD2071E2A900C419A0 /* TYSRecReadContentViewController.swift in Sources */ = {isa = PBXBuildFile; fileRef = E15191A62071E2A900C419A0 /* TYSRecReadContentViewController.swift */; };
		E15191BE2071E2A900C419A0 /* TYSRecReadViewController.swift in Sources */ = {isa = PBXBuildFile; fileRef = E15191A72071E2A900C419A0 /* TYSRecReadViewController.swift */; };
		E15191BF2071E2A900C419A0 /* TYSRoadShowBackViewController.swift in Sources */ = {isa = PBXBuildFile; fileRef = E15191AC2071E2A900C419A0 /* TYSRoadShowBackViewController.swift */; };
		E15191C02071E2A900C419A0 /* TYSRoadShowMyViewController.swift in Sources */ = {isa = PBXBuildFile; fileRef = E15191AD2071E2A900C419A0 /* TYSRoadShowMyViewController.swift */; };
		E15191C12071E2A900C419A0 /* TYSRoadShowNewsViewController.swift in Sources */ = {isa = PBXBuildFile; fileRef = E15191AE2071E2A900C419A0 /* TYSRoadShowNewsViewController.swift */; };
		E15191C22071E2A900C419A0 /* TYSRoadShowViewController.swift in Sources */ = {isa = PBXBuildFile; fileRef = E15191AF2071E2A900C419A0 /* TYSRoadShowViewController.swift */; };
		E15191C32071E2A900C419A0 /* TYSTelBackViewController.swift in Sources */ = {isa = PBXBuildFile; fileRef = E15191B42071E2A900C419A0 /* TYSTelBackViewController.swift */; };
		E15191C42071E2A900C419A0 /* TYSTelCalendarViewController.swift in Sources */ = {isa = PBXBuildFile; fileRef = E15191B52071E2A900C419A0 /* TYSTelCalendarViewController.swift */; };
		E15191C52071E2A900C419A0 /* TYSTelMyViewController.swift in Sources */ = {isa = PBXBuildFile; fileRef = E15191B62071E2A900C419A0 /* TYSTelMyViewController.swift */; };
		E15191C62071E2A900C419A0 /* TYSTelNewsLiveViewController.swift in Sources */ = {isa = PBXBuildFile; fileRef = E15191B72071E2A900C419A0 /* TYSTelNewsLiveViewController.swift */; };
		E15191C72071E2A900C419A0 /* TYSTelViewController.swift in Sources */ = {isa = PBXBuildFile; fileRef = E15191B82071E2A900C419A0 /* TYSTelViewController.swift */; };
		E15191C92071FD2D00C419A0 /* TYSRecReadContentCell.swift in Sources */ = {isa = PBXBuildFile; fileRef = E15191C82071FD2D00C419A0 /* TYSRecReadContentCell.swift */; };
		E15191CB20721A0A00C419A0 /* TYSRecReadAboutMeCell.swift in Sources */ = {isa = PBXBuildFile; fileRef = E15191CA20721A0A00C419A0 /* TYSRecReadAboutMeCell.swift */; };
		E15191CF2072344500C419A0 /* TYSConnectionLikelyPeoCell.swift in Sources */ = {isa = PBXBuildFile; fileRef = E15191CE2072344500C419A0 /* TYSConnectionLikelyPeoCell.swift */; };
		E158E400207C565100D09EAC /* AppConfig.swift in Sources */ = {isa = PBXBuildFile; fileRef = E158E3FF207C565100D09EAC /* AppConfig.swift */; };
		E158E402207C7AC600D09EAC /* SwiftProgressHUD.swift in Sources */ = {isa = PBXBuildFile; fileRef = E158E401207C7AC600D09EAC /* SwiftProgressHUD.swift */; };
		E158E404207C7B2800D09EAC /* AYHUD.swift in Sources */ = {isa = PBXBuildFile; fileRef = E158E403207C7B2800D09EAC /* AYHUD.swift */; };
		E158E409207CB92100D09EAC /* TYSSettingViewController.swift in Sources */ = {isa = PBXBuildFile; fileRef = E158E408207CB92100D09EAC /* TYSSettingViewController.swift */; };
		E158E40D207CBDA700D09EAC /* TYSSettingCell.swift in Sources */ = {isa = PBXBuildFile; fileRef = E158E40C207CBDA700D09EAC /* TYSSettingCell.swift */; };
		E16088FB2061E80300580484 /* TYSHomeViewController.swift in Sources */ = {isa = PBXBuildFile; fileRef = E16088FA2061E80300580484 /* TYSHomeViewController.swift */; };
		E16088FD2061EA4300580484 /* Tools.swift in Sources */ = {isa = PBXBuildFile; fileRef = E16088FC2061EA4300580484 /* Tools.swift */; };
		E1645269207DAC6F00BEB18A /* TYSLiveDetailModel.swift in Sources */ = {isa = PBXBuildFile; fileRef = E1645268207DAC6F00BEB18A /* TYSLiveDetailModel.swift */; };
		E164526B207DAEEF00BEB18A /* TYSLiveRequest.swift in Sources */ = {isa = PBXBuildFile; fileRef = E164526A207DAEEF00BEB18A /* TYSLiveRequest.swift */; };
		E164526D207DB41300BEB18A /* TYSLiveSignupModel.swift in Sources */ = {isa = PBXBuildFile; fileRef = E164526C207DB41300BEB18A /* TYSLiveSignupModel.swift */; };
		E1649366207B0EDF00A2AC18 /* TYSHomeADModel.swift in Sources */ = {isa = PBXBuildFile; fileRef = E1649365207B0EDF00A2AC18 /* TYSHomeADModel.swift */; };
		E1649368207B384A00A2AC18 /* TYSPersonalModel.swift in Sources */ = {isa = PBXBuildFile; fileRef = E1649367207B384A00A2AC18 /* TYSPersonalModel.swift */; };
		E164936A207B3BA500A2AC18 /* TYSPersonalRequestNetWorking.swift in Sources */ = {isa = PBXBuildFile; fileRef = E1649369207B3BA500A2AC18 /* TYSPersonalRequestNetWorking.swift */; };
		E16A77982074A10900980B78 /* TYSLiveAudioBackViewController.swift in Sources */ = {isa = PBXBuildFile; fileRef = E16A77972074A10900980B78 /* TYSLiveAudioBackViewController.swift */; };
		E16A779A2074AA9600980B78 /* TYSLivePersonalRoomViewController.swift in Sources */ = {isa = PBXBuildFile; fileRef = E16A77992074AA9600980B78 /* TYSLivePersonalRoomViewController.swift */; };
		E16A779C2074AAB100980B78 /* TYSLiveOtherPeopleRoomViewController.swift in Sources */ = {isa = PBXBuildFile; fileRef = E16A779B2074AAB100980B78 /* TYSLiveOtherPeopleRoomViewController.swift */; };
		E16A779E2074ADA600980B78 /* TYSLiveAudioBackHeaderView.swift in Sources */ = {isa = PBXBuildFile; fileRef = E16A779D2074ADA600980B78 /* TYSLiveAudioBackHeaderView.swift */; };
		E1771B6B206348DA0050C244 /* TYSCommonCollectionViewCell.swift in Sources */ = {isa = PBXBuildFile; fileRef = E1771B6A206348DA0050C244 /* TYSCommonCollectionViewCell.swift */; };
		E1771B722063586A0050C244 /* WRCycleCell.swift in Sources */ = {isa = PBXBuildFile; fileRef = E1771B6E2063586A0050C244 /* WRCycleCell.swift */; };
		E1771B732063586A0050C244 /* WRCycleScrollView.swift in Sources */ = {isa = PBXBuildFile; fileRef = E1771B6F2063586A0050C244 /* WRCycleScrollView.swift */; };
		E1771B742063586A0050C244 /* WRPageControl.swift in Sources */ = {isa = PBXBuildFile; fileRef = E1771B702063586A0050C244 /* WRPageControl.swift */; };
		E1771B752063586A0050C244 /* WRProxy.swift in Sources */ = {isa = PBXBuildFile; fileRef = E1771B712063586A0050C244 /* WRProxy.swift */; };
		E1771B7920635F910050C244 /* WRCustomNavigationBar.swift in Sources */ = {isa = PBXBuildFile; fileRef = E1771B7720635F910050C244 /* WRCustomNavigationBar.swift */; };
		E1771B7A20635F910050C244 /* WRNavigationBar.swift in Sources */ = {isa = PBXBuildFile; fileRef = E1771B7820635F910050C244 /* WRNavigationBar.swift */; };
		E1771B7C20639D510050C244 /* TYSHotCollectionViewCell.swift in Sources */ = {isa = PBXBuildFile; fileRef = E1771B7B20639D510050C244 /* TYSHotCollectionViewCell.swift */; };
		E1771B7E2063A43E0050C244 /* TYSLikelyPeopleCollectionViewCell.swift in Sources */ = {isa = PBXBuildFile; fileRef = E1771B7D2063A43E0050C244 /* TYSLikelyPeopleCollectionViewCell.swift */; };
		E1771B822063A5ED0050C244 /* TYSCommonLikelyPeoCollectionViewCell.swift in Sources */ = {isa = PBXBuildFile; fileRef = E1771B812063A5ED0050C244 /* TYSCommonLikelyPeoCollectionViewCell.swift */; };
		E1771B842063A9EE0050C244 /* TYSHomeTabCollectionViewCell.swift in Sources */ = {isa = PBXBuildFile; fileRef = E1771B832063A9EE0050C244 /* TYSHomeTabCollectionViewCell.swift */; };
		E1771B862063AB1B0050C244 /* TYSHomeTabCell.swift in Sources */ = {isa = PBXBuildFile; fileRef = E1771B852063AB1B0050C244 /* TYSHomeTabCell.swift */; };
		E1771B882063B77B0050C244 /* TYSPersonalViewController.swift in Sources */ = {isa = PBXBuildFile; fileRef = E1771B872063B77B0050C244 /* TYSPersonalViewController.swift */; };
		E17A07DA2060CB5200887C69 /* AppDelegate.swift in Sources */ = {isa = PBXBuildFile; fileRef = E17A07D92060CB5200887C69 /* AppDelegate.swift */; };
		E17A07E12060CB5200887C69 /* Assets.xcassets in Resources */ = {isa = PBXBuildFile; fileRef = E17A07E02060CB5200887C69 /* Assets.xcassets */; };
		E17A07E42060CB5200887C69 /* LaunchScreen.storyboard in Resources */ = {isa = PBXBuildFile; fileRef = E17A07E22060CB5200887C69 /* LaunchScreen.storyboard */; };
		E17A07EF2060D0D800887C69 /* BaseViewController.swift in Sources */ = {isa = PBXBuildFile; fileRef = E17A07EE2060D0D800887C69 /* BaseViewController.swift */; };
		E17A07F22060DADA00887C69 /* MainTabBarController.swift in Sources */ = {isa = PBXBuildFile; fileRef = E17A07F12060DADA00887C69 /* MainTabBarController.swift */; };
		E17A07F52060DD4100887C69 /* HomeViewController.swift in Sources */ = {isa = PBXBuildFile; fileRef = E17A07F42060DD4100887C69 /* HomeViewController.swift */; };
		E17A07F72060EBCF00887C69 /* TabBarItemContentView.swift in Sources */ = {isa = PBXBuildFile; fileRef = E17A07F62060EBCF00887C69 /* TabBarItemContentView.swift */; };
		E17A07F92060FDB000887C69 /* NavigationViewController.swift in Sources */ = {isa = PBXBuildFile; fileRef = E17A07F82060FDB000887C69 /* NavigationViewController.swift */; };
		E17A07FF20610CC900887C69 /* DimensMacros.swift in Sources */ = {isa = PBXBuildFile; fileRef = E17A07FE20610CC900887C69 /* DimensMacros.swift */; };
		E17A08062061127000887C69 /* UIColor+HexString.swift in Sources */ = {isa = PBXBuildFile; fileRef = E17A08052061127000887C69 /* UIColor+HexString.swift */; };
		E17A0808206112BD00887C69 /* UIButton+Countdown.swift in Sources */ = {isa = PBXBuildFile; fileRef = E17A0807206112BD00887C69 /* UIButton+Countdown.swift */; };
		E17A081B206113EC00887C69 /* TYSLoginViewController.swift in Sources */ = {isa = PBXBuildFile; fileRef = E17A081A206113EC00887C69 /* TYSLoginViewController.swift */; };
		E1800EE9207DC5A900A3A6AA /* UserDefaults+Save.swift in Sources */ = {isa = PBXBuildFile; fileRef = E1800EE8207DC5A900A3A6AA /* UserDefaults+Save.swift */; };
		E1800EEB207DE48C00A3A6AA /* TYSLiveJoinLiveModel.swift in Sources */ = {isa = PBXBuildFile; fileRef = E1800EEA207DE48C00A3A6AA /* TYSLiveJoinLiveModel.swift */; };
		E181FC5F20624B2600E6684A /* TYSSectionView.swift in Sources */ = {isa = PBXBuildFile; fileRef = E181FC5E20624B2600E6684A /* TYSSectionView.swift */; };
		E18AE3C220649FC200655AD2 /* TYSMobileLoginViewController.swift in Sources */ = {isa = PBXBuildFile; fileRef = E18AE3C120649FC200655AD2 /* TYSMobileLoginViewController.swift */; };
		E18AE3C42064A53800655AD2 /* TextField.swift in Sources */ = {isa = PBXBuildFile; fileRef = E18AE3C32064A53800655AD2 /* TextField.swift */; };
		E1906545206E41F700E9F7F9 /* UIButton+Time.swift in Sources */ = {isa = PBXBuildFile; fileRef = E1906544206E41F700E9F7F9 /* UIButton+Time.swift */; };
		E197E54320730CB300B18E86 /* TYSConnectionAnalystCell.swift in Sources */ = {isa = PBXBuildFile; fileRef = E197E54220730CB300B18E86 /* TYSConnectionAnalystCell.swift */; };
		E197E54520730F1100B18E86 /* TYSConnectionAnalystCollectionCell.swift in Sources */ = {isa = PBXBuildFile; fileRef = E197E54420730F1100B18E86 /* TYSConnectionAnalystCollectionCell.swift */; };
		E197E54E207313C900B18E86 /* TYSBehaviorCell.swift in Sources */ = {isa = PBXBuildFile; fileRef = E197E549207313C900B18E86 /* TYSBehaviorCell.swift */; };
		E197E54F207313C900B18E86 /* TYSCommonPersonalCell.swift in Sources */ = {isa = PBXBuildFile; fileRef = E197E54A207313C900B18E86 /* TYSCommonPersonalCell.swift */; };
		E197E550207313C900B18E86 /* TYSSearchButton.swift in Sources */ = {isa = PBXBuildFile; fileRef = E197E54B207313C900B18E86 /* TYSSearchButton.swift */; };
		E197E552207313FA00B18E86 /* TYSBeHaviorCollectionViewCell.swift in Sources */ = {isa = PBXBuildFile; fileRef = E197E551207313FA00B18E86 /* TYSBeHaviorCollectionViewCell.swift */; };
		E197E554207329C800B18E86 /* TYSPersonalPublishCell.swift in Sources */ = {isa = PBXBuildFile; fileRef = E197E553207329C800B18E86 /* TYSPersonalPublishCell.swift */; };
		E197E55620732AB100B18E86 /* TYSPersonalPublishCollectionCell.swift in Sources */ = {isa = PBXBuildFile; fileRef = E197E55520732AB100B18E86 /* TYSPersonalPublishCollectionCell.swift */; };
		E197E558207349D900B18E86 /* TYSPersonalCell.swift in Sources */ = {isa = PBXBuildFile; fileRef = E197E557207349D900B18E86 /* TYSPersonalCell.swift */; };
		E197E55A2073569E00B18E86 /* AYEdgeInsetsLabel.swift in Sources */ = {isa = PBXBuildFile; fileRef = E197E5592073569E00B18E86 /* AYEdgeInsetsLabel.swift */; };
		E197E55C2073602100B18E86 /* AYWKWebView.swift in Sources */ = {isa = PBXBuildFile; fileRef = E197E55B2073602100B18E86 /* AYWKWebView.swift */; };
		E1BF054C2079C18C00B31104 /* AYBaseViewController.swift in Sources */ = {isa = PBXBuildFile; fileRef = E1BF054B2079C18C00B31104 /* AYBaseViewController.swift */; };
		E1EF4A9D206CC3E500C93303 /* TYSHotLiveViewController.swift in Sources */ = {isa = PBXBuildFile; fileRef = E1EF4A9C206CC3E400C93303 /* TYSHotLiveViewController.swift */; };
		E1EF4A9F206CC77F00C93303 /* TYSRecLiveViewController.swift in Sources */ = {isa = PBXBuildFile; fileRef = E1EF4A9E206CC77F00C93303 /* TYSRecLiveViewController.swift */; };
		E1EF4AAF206CECFD00C93303 /* AYPageMenu.swift in Sources */ = {isa = PBXBuildFile; fileRef = E1EF4AAE206CECFD00C93303 /* AYPageMenu.swift */; };
		E1F4C76D2074BA690056B427 /* TYSLiveFileViewController.swift in Sources */ = {isa = PBXBuildFile; fileRef = E1F4C76C2074BA690056B427 /* TYSLiveFileViewController.swift */; };
		E1F4C76F2074BA770056B427 /* TYSLiveQuestionViewController.swift in Sources */ = {isa = PBXBuildFile; fileRef = E1F4C76E2074BA770056B427 /* TYSLiveQuestionViewController.swift */; };
		E1F4C7712074BA880056B427 /* TYSLiveSyncViewController.swift in Sources */ = {isa = PBXBuildFile; fileRef = E1F4C7702074BA880056B427 /* TYSLiveSyncViewController.swift */; };
		E1F4C7732074BA9C0056B427 /* TYSLiveChatViewController.swift in Sources */ = {isa = PBXBuildFile; fileRef = E1F4C7722074BA9C0056B427 /* TYSLiveChatViewController.swift */; };
		E1FE70082073772A004B336B /* TYSHomeWebViewController.swift in Sources */ = {isa = PBXBuildFile; fileRef = E1FE70072073772A004B336B /* TYSHomeWebViewController.swift */; };
/* End PBXBuildFile section */

/* Begin PBXFileReference section */
		154428B7E3A5B402739B4136 /* Pods-SwiftTools.debug.xcconfig */ = {isa = PBXFileReference; includeInIndex = 1; lastKnownFileType = text.xcconfig; name = "Pods-SwiftTools.debug.xcconfig"; path = "Pods/Target Support Files/Pods-SwiftTools/Pods-SwiftTools.debug.xcconfig"; sourceTree = "<group>"; };
		415EAB8B3A578FC84B784CC9 /* Pods_SwiftTools.framework */ = {isa = PBXFileReference; explicitFileType = wrapper.framework; includeInIndex = 0; path = Pods_SwiftTools.framework; sourceTree = BUILT_PRODUCTS_DIR; };
		C10B39A2E413B97ED81B0D42 /* Pods-SwiftTools.release.xcconfig */ = {isa = PBXFileReference; includeInIndex = 1; lastKnownFileType = text.xcconfig; name = "Pods-SwiftTools.release.xcconfig"; path = "Pods/Target Support Files/Pods-SwiftTools/Pods-SwiftTools.release.xcconfig"; sourceTree = "<group>"; };
		E1029F102069E32600157324 /* TYSLiveCommonModel.swift */ = {isa = PBXFileReference; lastKnownFileType = sourcecode.swift; path = TYSLiveCommonModel.swift; sourceTree = "<group>"; };
		E1029F162069E8F000157324 /* AYCacheManager.swift */ = {isa = PBXFileReference; fileEncoding = 4; lastKnownFileType = sourcecode.swift; path = AYCacheManager.swift; sourceTree = "<group>"; };
		E1029F172069E8F000157324 /* AYNetTools.swift */ = {isa = PBXFileReference; fileEncoding = 4; lastKnownFileType = sourcecode.swift; path = AYNetTools.swift; sourceTree = "<group>"; };
		E1029F182069E8F000157324 /* AYRequestManager.swift */ = {isa = PBXFileReference; fileEncoding = 4; lastKnownFileType = sourcecode.swift; path = AYRequestManager.swift; sourceTree = "<group>"; };
		E1029F192069E8F000157324 /* AYValue.swift */ = {isa = PBXFileReference; fileEncoding = 4; lastKnownFileType = sourcecode.swift; path = AYValue.swift; sourceTree = "<group>"; };
		E1029F1A2069E8F000157324 /* CacheKey.swift */ = {isa = PBXFileReference; fileEncoding = 4; lastKnownFileType = sourcecode.swift; path = CacheKey.swift; sourceTree = "<group>"; };
		E1029F1C2069E8F000157324 /* TYSNetTools.swift */ = {isa = PBXFileReference; fileEncoding = 4; lastKnownFileType = sourcecode.swift; path = TYSNetTools.swift; sourceTree = "<group>"; };
		E1029F232069E91600157324 /* TYSBaseModel.swift */ = {isa = PBXFileReference; lastKnownFileType = sourcecode.swift; path = TYSBaseModel.swift; sourceTree = "<group>"; };
		E1029F252069ECD800157324 /* TYSRequestModel.swift */ = {isa = PBXFileReference; lastKnownFileType = sourcecode.swift; path = TYSRequestModel.swift; sourceTree = "<group>"; };
		E1029F27206A1E6100157324 /* TYSHomeLiveModel.swift */ = {isa = PBXFileReference; lastKnownFileType = sourcecode.swift; path = TYSHomeLiveModel.swift; sourceTree = "<group>"; };
		E1029F29206A3B9100157324 /* TYSHomeRequestNetworking.swift */ = {isa = PBXFileReference; lastKnownFileType = sourcecode.swift; path = TYSHomeRequestNetworking.swift; sourceTree = "<group>"; };
		E122FD49207A1D7500DF0816 /* OpenAL.framework */ = {isa = PBXFileReference; lastKnownFileType = wrapper.framework; name = OpenAL.framework; path = System/Library/Frameworks/OpenAL.framework; sourceTree = SDKROOT; };
		E122FD4B207A1D8300DF0816 /* libz.tbd */ = {isa = PBXFileReference; lastKnownFileType = "sourcecode.text-based-dylib-definition"; name = libz.tbd; path = usr/lib/libz.tbd; sourceTree = SDKROOT; };
		E122FD4D207A1D9400DF0816 /* libiconv.tbd */ = {isa = PBXFileReference; lastKnownFileType = "sourcecode.text-based-dylib-definition"; name = libiconv.tbd; path = usr/lib/libiconv.tbd; sourceTree = SDKROOT; };
		E122FD4F207A1DA000DF0816 /* libsqlite3.tbd */ = {isa = PBXFileReference; lastKnownFileType = "sourcecode.text-based-dylib-definition"; name = libsqlite3.tbd; path = usr/lib/libsqlite3.tbd; sourceTree = SDKROOT; };
		E122FD51207A1DA900DF0816 /* GLKit.framework */ = {isa = PBXFileReference; lastKnownFileType = wrapper.framework; name = GLKit.framework; path = System/Library/Frameworks/GLKit.framework; sourceTree = SDKROOT; };
		E12F956C207A1C83009CA14E /* VodSDK.framework */ = {isa = PBXFileReference; lastKnownFileType = wrapper.framework; path = VodSDK.framework; sourceTree = "<group>"; };
		E13964B9206B8F76002B4023 /* TYSInterestedPeopleModel.swift */ = {isa = PBXFileReference; lastKnownFileType = sourcecode.swift; path = TYSInterestedPeopleModel.swift; sourceTree = "<group>"; };
		E1427234207B5367001FC52D /* TYSLoginRequest.swift */ = {isa = PBXFileReference; lastKnownFileType = sourcecode.swift; path = TYSLoginRequest.swift; sourceTree = "<group>"; };
		E1427236207B53EC001FC52D /* TYSLoginModel.swift */ = {isa = PBXFileReference; lastKnownFileType = sourcecode.swift; path = TYSLoginModel.swift; sourceTree = "<group>"; };
		E1427238207B68A2001FC52D /* AYKeychain.m */ = {isa = PBXFileReference; fileEncoding = 4; lastKnownFileType = sourcecode.c.objc; path = AYKeychain.m; sourceTree = "<group>"; };
		E1427239207B68A2001FC52D /* AYKeychain.h */ = {isa = PBXFileReference; fileEncoding = 4; lastKnownFileType = sourcecode.c.h; path = AYKeychain.h; sourceTree = "<group>"; };
		E15191A02071E2A900C419A0 /* TYSConnectionViewController.swift */ = {isa = PBXFileReference; fileEncoding = 4; lastKnownFileType = sourcecode.swift; path = TYSConnectionViewController.swift; sourceTree = "<group>"; };
		E15191A52071E2A900C419A0 /* TYSRecReadAboutMeViewController.swift */ = {isa = PBXFileReference; fileEncoding = 4; lastKnownFileType = sourcecode.swift; path = TYSRecReadAboutMeViewController.swift; sourceTree = "<group>"; };
		E15191A62071E2A900C419A0 /* TYSRecReadContentViewController.swift */ = {isa = PBXFileReference; fileEncoding = 4; lastKnownFileType = sourcecode.swift; path = TYSRecReadContentViewController.swift; sourceTree = "<group>"; };
		E15191A72071E2A900C419A0 /* TYSRecReadViewController.swift */ = {isa = PBXFileReference; fileEncoding = 4; lastKnownFileType = sourcecode.swift; path = TYSRecReadViewController.swift; sourceTree = "<group>"; };
		E15191AC2071E2A900C419A0 /* TYSRoadShowBackViewController.swift */ = {isa = PBXFileReference; fileEncoding = 4; lastKnownFileType = sourcecode.swift; path = TYSRoadShowBackViewController.swift; sourceTree = "<group>"; };
		E15191AD2071E2A900C419A0 /* TYSRoadShowMyViewController.swift */ = {isa = PBXFileReference; fileEncoding = 4; lastKnownFileType = sourcecode.swift; path = TYSRoadShowMyViewController.swift; sourceTree = "<group>"; };
		E15191AE2071E2A900C419A0 /* TYSRoadShowNewsViewController.swift */ = {isa = PBXFileReference; fileEncoding = 4; lastKnownFileType = sourcecode.swift; path = TYSRoadShowNewsViewController.swift; sourceTree = "<group>"; };
		E15191AF2071E2A900C419A0 /* TYSRoadShowViewController.swift */ = {isa = PBXFileReference; fileEncoding = 4; lastKnownFileType = sourcecode.swift; path = TYSRoadShowViewController.swift; sourceTree = "<group>"; };
		E15191B42071E2A900C419A0 /* TYSTelBackViewController.swift */ = {isa = PBXFileReference; fileEncoding = 4; lastKnownFileType = sourcecode.swift; path = TYSTelBackViewController.swift; sourceTree = "<group>"; };
		E15191B52071E2A900C419A0 /* TYSTelCalendarViewController.swift */ = {isa = PBXFileReference; fileEncoding = 4; lastKnownFileType = sourcecode.swift; path = TYSTelCalendarViewController.swift; sourceTree = "<group>"; };
		E15191B62071E2A900C419A0 /* TYSTelMyViewController.swift */ = {isa = PBXFileReference; fileEncoding = 4; lastKnownFileType = sourcecode.swift; path = TYSTelMyViewController.swift; sourceTree = "<group>"; };
		E15191B72071E2A900C419A0 /* TYSTelNewsLiveViewController.swift */ = {isa = PBXFileReference; fileEncoding = 4; lastKnownFileType = sourcecode.swift; path = TYSTelNewsLiveViewController.swift; sourceTree = "<group>"; };
		E15191B82071E2A900C419A0 /* TYSTelViewController.swift */ = {isa = PBXFileReference; fileEncoding = 4; lastKnownFileType = sourcecode.swift; path = TYSTelViewController.swift; sourceTree = "<group>"; };
		E15191C82071FD2D00C419A0 /* TYSRecReadContentCell.swift */ = {isa = PBXFileReference; lastKnownFileType = sourcecode.swift; path = TYSRecReadContentCell.swift; sourceTree = "<group>"; };
		E15191CA20721A0A00C419A0 /* TYSRecReadAboutMeCell.swift */ = {isa = PBXFileReference; lastKnownFileType = sourcecode.swift; path = TYSRecReadAboutMeCell.swift; sourceTree = "<group>"; };
		E15191CE2072344500C419A0 /* TYSConnectionLikelyPeoCell.swift */ = {isa = PBXFileReference; lastKnownFileType = sourcecode.swift; path = TYSConnectionLikelyPeoCell.swift; sourceTree = "<group>"; };
		E158E3FB207C474E00D09EAC /* Bridging-Header.h */ = {isa = PBXFileReference; fileEncoding = 4; lastKnownFileType = sourcecode.c.h; path = "Bridging-Header.h"; sourceTree = "<group>"; };
		E158E3FF207C565100D09EAC /* AppConfig.swift */ = {isa = PBXFileReference; lastKnownFileType = sourcecode.swift; path = AppConfig.swift; sourceTree = "<group>"; };
		E158E401207C7AC600D09EAC /* SwiftProgressHUD.swift */ = {isa = PBXFileReference; fileEncoding = 4; lastKnownFileType = sourcecode.swift; path = SwiftProgressHUD.swift; sourceTree = "<group>"; };
		E158E403207C7B2800D09EAC /* AYHUD.swift */ = {isa = PBXFileReference; lastKnownFileType = sourcecode.swift; path = AYHUD.swift; sourceTree = "<group>"; };
		E158E408207CB92100D09EAC /* TYSSettingViewController.swift */ = {isa = PBXFileReference; lastKnownFileType = sourcecode.swift; path = TYSSettingViewController.swift; sourceTree = "<group>"; };
		E158E40C207CBDA700D09EAC /* TYSSettingCell.swift */ = {isa = PBXFileReference; lastKnownFileType = sourcecode.swift; path = TYSSettingCell.swift; sourceTree = "<group>"; };
		E16088FA2061E80300580484 /* TYSHomeViewController.swift */ = {isa = PBXFileReference; fileEncoding = 4; lastKnownFileType = sourcecode.swift; path = TYSHomeViewController.swift; sourceTree = "<group>"; };
		E16088FC2061EA4300580484 /* Tools.swift */ = {isa = PBXFileReference; lastKnownFileType = sourcecode.swift; path = Tools.swift; sourceTree = "<group>"; };
		E1645268207DAC6F00BEB18A /* TYSLiveDetailModel.swift */ = {isa = PBXFileReference; lastKnownFileType = sourcecode.swift; path = TYSLiveDetailModel.swift; sourceTree = "<group>"; };
		E164526A207DAEEF00BEB18A /* TYSLiveRequest.swift */ = {isa = PBXFileReference; lastKnownFileType = sourcecode.swift; path = TYSLiveRequest.swift; sourceTree = "<group>"; };
		E164526C207DB41300BEB18A /* TYSLiveSignupModel.swift */ = {isa = PBXFileReference; lastKnownFileType = sourcecode.swift; path = TYSLiveSignupModel.swift; sourceTree = "<group>"; };
		E1649365207B0EDF00A2AC18 /* TYSHomeADModel.swift */ = {isa = PBXFileReference; lastKnownFileType = sourcecode.swift; path = TYSHomeADModel.swift; sourceTree = "<group>"; };
		E1649367207B384A00A2AC18 /* TYSPersonalModel.swift */ = {isa = PBXFileReference; lastKnownFileType = sourcecode.swift; path = TYSPersonalModel.swift; sourceTree = "<group>"; };
		E1649369207B3BA500A2AC18 /* TYSPersonalRequestNetWorking.swift */ = {isa = PBXFileReference; lastKnownFileType = sourcecode.swift; path = TYSPersonalRequestNetWorking.swift; sourceTree = "<group>"; };
		E16A77972074A10900980B78 /* TYSLiveAudioBackViewController.swift */ = {isa = PBXFileReference; lastKnownFileType = sourcecode.swift; path = TYSLiveAudioBackViewController.swift; sourceTree = "<group>"; };
		E16A77992074AA9600980B78 /* TYSLivePersonalRoomViewController.swift */ = {isa = PBXFileReference; lastKnownFileType = sourcecode.swift; path = TYSLivePersonalRoomViewController.swift; sourceTree = "<group>"; };
		E16A779B2074AAB100980B78 /* TYSLiveOtherPeopleRoomViewController.swift */ = {isa = PBXFileReference; lastKnownFileType = sourcecode.swift; path = TYSLiveOtherPeopleRoomViewController.swift; sourceTree = "<group>"; };
		E16A779D2074ADA600980B78 /* TYSLiveAudioBackHeaderView.swift */ = {isa = PBXFileReference; lastKnownFileType = sourcecode.swift; path = TYSLiveAudioBackHeaderView.swift; sourceTree = "<group>"; };
		E1771B6A206348DA0050C244 /* TYSCommonCollectionViewCell.swift */ = {isa = PBXFileReference; lastKnownFileType = sourcecode.swift; path = TYSCommonCollectionViewCell.swift; sourceTree = "<group>"; };
		E1771B6E2063586A0050C244 /* WRCycleCell.swift */ = {isa = PBXFileReference; fileEncoding = 4; lastKnownFileType = sourcecode.swift; path = WRCycleCell.swift; sourceTree = "<group>"; };
		E1771B6F2063586A0050C244 /* WRCycleScrollView.swift */ = {isa = PBXFileReference; fileEncoding = 4; lastKnownFileType = sourcecode.swift; path = WRCycleScrollView.swift; sourceTree = "<group>"; };
		E1771B702063586A0050C244 /* WRPageControl.swift */ = {isa = PBXFileReference; fileEncoding = 4; lastKnownFileType = sourcecode.swift; path = WRPageControl.swift; sourceTree = "<group>"; };
		E1771B712063586A0050C244 /* WRProxy.swift */ = {isa = PBXFileReference; fileEncoding = 4; lastKnownFileType = sourcecode.swift; path = WRProxy.swift; sourceTree = "<group>"; };
		E1771B7720635F910050C244 /* WRCustomNavigationBar.swift */ = {isa = PBXFileReference; fileEncoding = 4; lastKnownFileType = sourcecode.swift; path = WRCustomNavigationBar.swift; sourceTree = "<group>"; };
		E1771B7820635F910050C244 /* WRNavigationBar.swift */ = {isa = PBXFileReference; fileEncoding = 4; lastKnownFileType = sourcecode.swift; path = WRNavigationBar.swift; sourceTree = "<group>"; };
		E1771B7B20639D510050C244 /* TYSHotCollectionViewCell.swift */ = {isa = PBXFileReference; lastKnownFileType = sourcecode.swift; path = TYSHotCollectionViewCell.swift; sourceTree = "<group>"; };
		E1771B7D2063A43E0050C244 /* TYSLikelyPeopleCollectionViewCell.swift */ = {isa = PBXFileReference; lastKnownFileType = sourcecode.swift; path = TYSLikelyPeopleCollectionViewCell.swift; sourceTree = "<group>"; };
		E1771B812063A5ED0050C244 /* TYSCommonLikelyPeoCollectionViewCell.swift */ = {isa = PBXFileReference; lastKnownFileType = sourcecode.swift; path = TYSCommonLikelyPeoCollectionViewCell.swift; sourceTree = "<group>"; };
		E1771B832063A9EE0050C244 /* TYSHomeTabCollectionViewCell.swift */ = {isa = PBXFileReference; lastKnownFileType = sourcecode.swift; path = TYSHomeTabCollectionViewCell.swift; sourceTree = "<group>"; };
		E1771B852063AB1B0050C244 /* TYSHomeTabCell.swift */ = {isa = PBXFileReference; lastKnownFileType = sourcecode.swift; path = TYSHomeTabCell.swift; sourceTree = "<group>"; };
		E1771B872063B77B0050C244 /* TYSPersonalViewController.swift */ = {isa = PBXFileReference; lastKnownFileType = sourcecode.swift; path = TYSPersonalViewController.swift; sourceTree = "<group>"; };
		E17A07D62060CB5200887C69 /* SwiftTools.app */ = {isa = PBXFileReference; explicitFileType = wrapper.application; includeInIndex = 0; path = SwiftTools.app; sourceTree = BUILT_PRODUCTS_DIR; };
		E17A07D92060CB5200887C69 /* AppDelegate.swift */ = {isa = PBXFileReference; lastKnownFileType = sourcecode.swift; path = AppDelegate.swift; sourceTree = "<group>"; };
		E17A07E02060CB5200887C69 /* Assets.xcassets */ = {isa = PBXFileReference; lastKnownFileType = folder.assetcatalog; path = Assets.xcassets; sourceTree = "<group>"; };
		E17A07E32060CB5200887C69 /* Base */ = {isa = PBXFileReference; lastKnownFileType = file.storyboard; name = Base; path = Base.lproj/LaunchScreen.storyboard; sourceTree = "<group>"; };
		E17A07E52060CB5200887C69 /* Info.plist */ = {isa = PBXFileReference; lastKnownFileType = text.plist.xml; path = Info.plist; sourceTree = "<group>"; };
		E17A07EE2060D0D800887C69 /* BaseViewController.swift */ = {isa = PBXFileReference; lastKnownFileType = sourcecode.swift; path = BaseViewController.swift; sourceTree = "<group>"; };
		E17A07F12060DADA00887C69 /* MainTabBarController.swift */ = {isa = PBXFileReference; lastKnownFileType = sourcecode.swift; path = MainTabBarController.swift; sourceTree = "<group>"; };
		E17A07F42060DD4100887C69 /* HomeViewController.swift */ = {isa = PBXFileReference; lastKnownFileType = sourcecode.swift; path = HomeViewController.swift; sourceTree = "<group>"; };
		E17A07F62060EBCF00887C69 /* TabBarItemContentView.swift */ = {isa = PBXFileReference; lastKnownFileType = sourcecode.swift; path = TabBarItemContentView.swift; sourceTree = "<group>"; };
		E17A07F82060FDB000887C69 /* NavigationViewController.swift */ = {isa = PBXFileReference; lastKnownFileType = sourcecode.swift; path = NavigationViewController.swift; sourceTree = "<group>"; };
		E17A07FE20610CC900887C69 /* DimensMacros.swift */ = {isa = PBXFileReference; lastKnownFileType = sourcecode.swift; path = DimensMacros.swift; sourceTree = "<group>"; };
		E17A08052061127000887C69 /* UIColor+HexString.swift */ = {isa = PBXFileReference; lastKnownFileType = sourcecode.swift; path = "UIColor+HexString.swift"; sourceTree = "<group>"; };
		E17A0807206112BD00887C69 /* UIButton+Countdown.swift */ = {isa = PBXFileReference; lastKnownFileType = sourcecode.swift; path = "UIButton+Countdown.swift"; sourceTree = "<group>"; };
		E17A081A206113EC00887C69 /* TYSLoginViewController.swift */ = {isa = PBXFileReference; lastKnownFileType = sourcecode.swift; path = TYSLoginViewController.swift; sourceTree = "<group>"; };
		E1800EE8207DC5A900A3A6AA /* UserDefaults+Save.swift */ = {isa = PBXFileReference; lastKnownFileType = sourcecode.swift; path = "UserDefaults+Save.swift"; sourceTree = "<group>"; };
		E1800EEA207DE48C00A3A6AA /* TYSLiveJoinLiveModel.swift */ = {isa = PBXFileReference; lastKnownFileType = sourcecode.swift; path = TYSLiveJoinLiveModel.swift; sourceTree = "<group>"; };
		E181FC5E20624B2600E6684A /* TYSSectionView.swift */ = {isa = PBXFileReference; lastKnownFileType = sourcecode.swift; path = TYSSectionView.swift; sourceTree = "<group>"; };
		E18AE3C120649FC200655AD2 /* TYSMobileLoginViewController.swift */ = {isa = PBXFileReference; lastKnownFileType = sourcecode.swift; path = TYSMobileLoginViewController.swift; sourceTree = "<group>"; };
		E18AE3C32064A53800655AD2 /* TextField.swift */ = {isa = PBXFileReference; fileEncoding = 4; lastKnownFileType = sourcecode.swift; path = TextField.swift; sourceTree = "<group>"; };
		E1906544206E41F700E9F7F9 /* UIButton+Time.swift */ = {isa = PBXFileReference; lastKnownFileType = sourcecode.swift; path = "UIButton+Time.swift"; sourceTree = "<group>"; };
		E197E54220730CB300B18E86 /* TYSConnectionAnalystCell.swift */ = {isa = PBXFileReference; lastKnownFileType = sourcecode.swift; path = TYSConnectionAnalystCell.swift; sourceTree = "<group>"; };
		E197E54420730F1100B18E86 /* TYSConnectionAnalystCollectionCell.swift */ = {isa = PBXFileReference; lastKnownFileType = sourcecode.swift; path = TYSConnectionAnalystCollectionCell.swift; sourceTree = "<group>"; };
		E197E549207313C900B18E86 /* TYSBehaviorCell.swift */ = {isa = PBXFileReference; fileEncoding = 4; lastKnownFileType = sourcecode.swift; path = TYSBehaviorCell.swift; sourceTree = "<group>"; };
		E197E54A207313C900B18E86 /* TYSCommonPersonalCell.swift */ = {isa = PBXFileReference; fileEncoding = 4; lastKnownFileType = sourcecode.swift; path = TYSCommonPersonalCell.swift; sourceTree = "<group>"; };
		E197E54B207313C900B18E86 /* TYSSearchButton.swift */ = {isa = PBXFileReference; fileEncoding = 4; lastKnownFileType = sourcecode.swift; path = TYSSearchButton.swift; sourceTree = "<group>"; };
		E197E551207313FA00B18E86 /* TYSBeHaviorCollectionViewCell.swift */ = {isa = PBXFileReference; lastKnownFileType = sourcecode.swift; path = TYSBeHaviorCollectionViewCell.swift; sourceTree = "<group>"; };
		E197E553207329C800B18E86 /* TYSPersonalPublishCell.swift */ = {isa = PBXFileReference; lastKnownFileType = sourcecode.swift; path = TYSPersonalPublishCell.swift; sourceTree = "<group>"; };
		E197E55520732AB100B18E86 /* TYSPersonalPublishCollectionCell.swift */ = {isa = PBXFileReference; lastKnownFileType = sourcecode.swift; path = TYSPersonalPublishCollectionCell.swift; sourceTree = "<group>"; };
		E197E557207349D900B18E86 /* TYSPersonalCell.swift */ = {isa = PBXFileReference; lastKnownFileType = sourcecode.swift; path = TYSPersonalCell.swift; sourceTree = "<group>"; };
		E197E5592073569E00B18E86 /* AYEdgeInsetsLabel.swift */ = {isa = PBXFileReference; lastKnownFileType = sourcecode.swift; path = AYEdgeInsetsLabel.swift; sourceTree = "<group>"; };
		E197E55B2073602100B18E86 /* AYWKWebView.swift */ = {isa = PBXFileReference; lastKnownFileType = sourcecode.swift; path = AYWKWebView.swift; sourceTree = "<group>"; };
		E1BF054B2079C18C00B31104 /* AYBaseViewController.swift */ = {isa = PBXFileReference; lastKnownFileType = sourcecode.swift; path = AYBaseViewController.swift; sourceTree = "<group>"; };
		E1EF4A9C206CC3E400C93303 /* TYSHotLiveViewController.swift */ = {isa = PBXFileReference; lastKnownFileType = sourcecode.swift; path = TYSHotLiveViewController.swift; sourceTree = "<group>"; };
		E1EF4A9E206CC77F00C93303 /* TYSRecLiveViewController.swift */ = {isa = PBXFileReference; lastKnownFileType = sourcecode.swift; path = TYSRecLiveViewController.swift; sourceTree = "<group>"; };
		E1EF4AAE206CECFD00C93303 /* AYPageMenu.swift */ = {isa = PBXFileReference; lastKnownFileType = sourcecode.swift; path = AYPageMenu.swift; sourceTree = "<group>"; };
		E1F4C76C2074BA690056B427 /* TYSLiveFileViewController.swift */ = {isa = PBXFileReference; lastKnownFileType = sourcecode.swift; path = TYSLiveFileViewController.swift; sourceTree = "<group>"; };
		E1F4C76E2074BA770056B427 /* TYSLiveQuestionViewController.swift */ = {isa = PBXFileReference; lastKnownFileType = sourcecode.swift; path = TYSLiveQuestionViewController.swift; sourceTree = "<group>"; };
		E1F4C7702074BA880056B427 /* TYSLiveSyncViewController.swift */ = {isa = PBXFileReference; lastKnownFileType = sourcecode.swift; path = TYSLiveSyncViewController.swift; sourceTree = "<group>"; };
		E1F4C7722074BA9C0056B427 /* TYSLiveChatViewController.swift */ = {isa = PBXFileReference; lastKnownFileType = sourcecode.swift; path = TYSLiveChatViewController.swift; sourceTree = "<group>"; };
		E1FE70072073772A004B336B /* TYSHomeWebViewController.swift */ = {isa = PBXFileReference; lastKnownFileType = sourcecode.swift; path = TYSHomeWebViewController.swift; sourceTree = "<group>"; };
/* End PBXFileReference section */

/* Begin PBXFrameworksBuildPhase section */
		E17A07D32060CB5200887C69 /* Frameworks */ = {
			isa = PBXFrameworksBuildPhase;
			buildActionMask = 2147483647;
			files = (
				E122FD52207A1DA900DF0816 /* GLKit.framework in Frameworks */,
				E122FD50207A1DA000DF0816 /* libsqlite3.tbd in Frameworks */,
				E122FD4E207A1D9400DF0816 /* libiconv.tbd in Frameworks */,
				E122FD4C207A1D8300DF0816 /* libz.tbd in Frameworks */,
				E122FD4A207A1D7500DF0816 /* OpenAL.framework in Frameworks */,
				5DDC04B79518FDE65A9AC81B /* Pods_SwiftTools.framework in Frameworks */,
				E12F956D207A1C83009CA14E /* VodSDK.framework in Frameworks */,
			);
			runOnlyForDeploymentPostprocessing = 0;
		};
/* End PBXFrameworksBuildPhase section */

/* Begin PBXGroup section */
		20F40E2C360040D1AE134162 /* Pods */ = {
			isa = PBXGroup;
			children = (
				154428B7E3A5B402739B4136 /* Pods-SwiftTools.debug.xcconfig */,
				C10B39A2E413B97ED81B0D42 /* Pods-SwiftTools.release.xcconfig */,
			);
			name = Pods;
			sourceTree = "<group>";
		};
		D7B6C20D3DC0EF9FE34B8CD4 /* Frameworks */ = {
			isa = PBXGroup;
			children = (
				E122FD51207A1DA900DF0816 /* GLKit.framework */,
				E122FD4F207A1DA000DF0816 /* libsqlite3.tbd */,
				E122FD4D207A1D9400DF0816 /* libiconv.tbd */,
				E122FD4B207A1D8300DF0816 /* libz.tbd */,
				E122FD49207A1D7500DF0816 /* OpenAL.framework */,
				415EAB8B3A578FC84B784CC9 /* Pods_SwiftTools.framework */,
			);
			name = Frameworks;
			sourceTree = "<group>";
		};
		E1029F142069E8F000157324 /* TYSNetWorking */ = {
			isa = PBXGroup;
			children = (
				E1029F152069E8F000157324 /* AYNetTools */,
				E1029F1B2069E8F000157324 /* Model */,
				E1029F1C2069E8F000157324 /* TYSNetTools.swift */,
				E1427234207B5367001FC52D /* TYSLoginRequest.swift */,
				E1029F29206A3B9100157324 /* TYSHomeRequestNetworking.swift */,
				E1649369207B3BA500A2AC18 /* TYSPersonalRequestNetWorking.swift */,
				E164526A207DAEEF00BEB18A /* TYSLiveRequest.swift */,
			);
			path = TYSNetWorking;
			sourceTree = "<group>";
		};
		E1029F152069E8F000157324 /* AYNetTools */ = {
			isa = PBXGroup;
			children = (
				E1029F162069E8F000157324 /* AYCacheManager.swift */,
				E1029F172069E8F000157324 /* AYNetTools.swift */,
				E1029F182069E8F000157324 /* AYRequestManager.swift */,
				E1029F192069E8F000157324 /* AYValue.swift */,
				E1029F1A2069E8F000157324 /* CacheKey.swift */,
			);
			path = AYNetTools;
			sourceTree = "<group>";
		};
		E1029F1B2069E8F000157324 /* Model */ = {
			isa = PBXGroup;
			children = (
				E1029F232069E91600157324 /* TYSBaseModel.swift */,
				E1029F252069ECD800157324 /* TYSRequestModel.swift */,
			);
			path = Model;
			sourceTree = "<group>";
		};
		E12F956B207A1C83009CA14E /* GenseeSDK */ = {
			isa = PBXGroup;
			children = (
				E12F956C207A1C83009CA14E /* VodSDK.framework */,
			);
			path = GenseeSDK;
			sourceTree = "<group>";
		};
		E151919D2071E2A900C419A0 /* Page */ = {
			isa = PBXGroup;
			children = (
				E15191AA2071E2A900C419A0 /* RoadShow */,
				E15191B22071E2A900C419A0 /* Tel */,
				E15191A32071E2A900C419A0 /* RecRead */,
				E151919E2071E2A900C419A0 /* Connection */,
			);
			path = Page;
			sourceTree = "<group>";
		};
		E151919E2071E2A900C419A0 /* Connection */ = {
			isa = PBXGroup;
			children = (
				E151919F2071E2A900C419A0 /* Controller */,
				E15191A12071E2A900C419A0 /* Model */,
				E15191A22071E2A900C419A0 /* View */,
			);
			path = Connection;
			sourceTree = "<group>";
		};
		E151919F2071E2A900C419A0 /* Controller */ = {
			isa = PBXGroup;
			children = (
				E15191A02071E2A900C419A0 /* TYSConnectionViewController.swift */,
			);
			path = Controller;
			sourceTree = "<group>";
		};
		E15191A12071E2A900C419A0 /* Model */ = {
			isa = PBXGroup;
			children = (
			);
			path = Model;
			sourceTree = "<group>";
		};
		E15191A22071E2A900C419A0 /* View */ = {
			isa = PBXGroup;
			children = (
				E15191CE2072344500C419A0 /* TYSConnectionLikelyPeoCell.swift */,
				E197E54220730CB300B18E86 /* TYSConnectionAnalystCell.swift */,
				E197E54420730F1100B18E86 /* TYSConnectionAnalystCollectionCell.swift */,
			);
			path = View;
			sourceTree = "<group>";
		};
		E15191A32071E2A900C419A0 /* RecRead */ = {
			isa = PBXGroup;
			children = (
				E15191A42071E2A900C419A0 /* Controller */,
				E15191A82071E2A900C419A0 /* Model */,
				E15191A92071E2A900C419A0 /* View */,
			);
			path = RecRead;
			sourceTree = "<group>";
		};
		E15191A42071E2A900C419A0 /* Controller */ = {
			isa = PBXGroup;
			children = (
				E15191A72071E2A900C419A0 /* TYSRecReadViewController.swift */,
				E15191A62071E2A900C419A0 /* TYSRecReadContentViewController.swift */,
				E15191A52071E2A900C419A0 /* TYSRecReadAboutMeViewController.swift */,
			);
			path = Controller;
			sourceTree = "<group>";
		};
		E15191A82071E2A900C419A0 /* Model */ = {
			isa = PBXGroup;
			children = (
			);
			path = Model;
			sourceTree = "<group>";
		};
		E15191A92071E2A900C419A0 /* View */ = {
			isa = PBXGroup;
			children = (
				E15191C82071FD2D00C419A0 /* TYSRecReadContentCell.swift */,
				E15191CA20721A0A00C419A0 /* TYSRecReadAboutMeCell.swift */,
			);
			path = View;
			sourceTree = "<group>";
		};
		E15191AA2071E2A900C419A0 /* RoadShow */ = {
			isa = PBXGroup;
			children = (
				E15191AB2071E2A900C419A0 /* Controller */,
				E15191B02071E2A900C419A0 /* Model */,
				E15191B12071E2A900C419A0 /* View */,
			);
			path = RoadShow;
			sourceTree = "<group>";
		};
		E15191AB2071E2A900C419A0 /* Controller */ = {
			isa = PBXGroup;
			children = (
				E15191AF2071E2A900C419A0 /* TYSRoadShowViewController.swift */,
				E15191AE2071E2A900C419A0 /* TYSRoadShowNewsViewController.swift */,
				E15191AC2071E2A900C419A0 /* TYSRoadShowBackViewController.swift */,
				E15191AD2071E2A900C419A0 /* TYSRoadShowMyViewController.swift */,
			);
			path = Controller;
			sourceTree = "<group>";
		};
		E15191B02071E2A900C419A0 /* Model */ = {
			isa = PBXGroup;
			children = (
			);
			path = Model;
			sourceTree = "<group>";
		};
		E15191B12071E2A900C419A0 /* View */ = {
			isa = PBXGroup;
			children = (
			);
			path = View;
			sourceTree = "<group>";
		};
		E15191B22071E2A900C419A0 /* Tel */ = {
			isa = PBXGroup;
			children = (
				E15191B32071E2A900C419A0 /* Controller */,
				E15191B92071E2A900C419A0 /* Model */,
				E15191BA2071E2A900C419A0 /* View */,
			);
			path = Tel;
			sourceTree = "<group>";
		};
		E15191B32071E2A900C419A0 /* Controller */ = {
			isa = PBXGroup;
			children = (
				E15191B82071E2A900C419A0 /* TYSTelViewController.swift */,
				E15191B72071E2A900C419A0 /* TYSTelNewsLiveViewController.swift */,
				E15191B42071E2A900C419A0 /* TYSTelBackViewController.swift */,
				E15191B62071E2A900C419A0 /* TYSTelMyViewController.swift */,
				E15191B52071E2A900C419A0 /* TYSTelCalendarViewController.swift */,
			);
			path = Controller;
			sourceTree = "<group>";
		};
		E15191B92071E2A900C419A0 /* Model */ = {
			isa = PBXGroup;
			children = (
			);
			path = Model;
			sourceTree = "<group>";
		};
		E15191BA2071E2A900C419A0 /* View */ = {
			isa = PBXGroup;
			children = (
			);
			path = View;
			sourceTree = "<group>";
		};
		E16088FE20620B6E00580484 /* Common */ = {
			isa = PBXGroup;
			children = (
				E197E54C207313C900B18E86 /* Controller */,
				E197E54D207313C900B18E86 /* Model */,
				E197E548207313C900B18E86 /* View */,
			);
			path = Common;
			sourceTree = "<group>";
		};
		E16A77932074A09500980B78 /* Live */ = {
			isa = PBXGroup;
			children = (
				E16A77942074A09500980B78 /* Controller */,
				E1F4C7682074BA2B0056B427 /* Page */,
				E16A77952074A09500980B78 /* Model */,
				E16A77962074A09500980B78 /* View */,
			);
			path = Live;
			sourceTree = "<group>";
		};
		E16A77942074A09500980B78 /* Controller */ = {
			isa = PBXGroup;
			children = (
				E16A77972074A10900980B78 /* TYSLiveAudioBackViewController.swift */,
				E16A77992074AA9600980B78 /* TYSLivePersonalRoomViewController.swift */,
				E16A779B2074AAB100980B78 /* TYSLiveOtherPeopleRoomViewController.swift */,
			);
			path = Controller;
			sourceTree = "<group>";
		};
		E16A77952074A09500980B78 /* Model */ = {
			isa = PBXGroup;
			children = (
				E1645268207DAC6F00BEB18A /* TYSLiveDetailModel.swift */,
				E164526C207DB41300BEB18A /* TYSLiveSignupModel.swift */,
				E1800EEA207DE48C00A3A6AA /* TYSLiveJoinLiveModel.swift */,
			);
			path = Model;
			sourceTree = "<group>";
		};
		E16A77962074A09500980B78 /* View */ = {
			isa = PBXGroup;
			children = (
				E16A779D2074ADA600980B78 /* TYSLiveAudioBackHeaderView.swift */,
			);
			path = View;
			sourceTree = "<group>";
		};
		E1771B6C206358400050C244 /* Vendor */ = {
			isa = PBXGroup;
			children = (
				E12F956B207A1C83009CA14E /* GenseeSDK */,
				E1771B7620635F910050C244 /* WRNavigationBar */,
				E1771B6D2063586A0050C244 /* WRCycleScrollView */,
				E1BF054A2079C17900B31104 /* AYScrollTableView */,
			);
			path = Vendor;
			sourceTree = "<group>";
		};
		E1771B6D2063586A0050C244 /* WRCycleScrollView */ = {
			isa = PBXGroup;
			children = (
				E1771B6E2063586A0050C244 /* WRCycleCell.swift */,
				E1771B6F2063586A0050C244 /* WRCycleScrollView.swift */,
				E1771B702063586A0050C244 /* WRPageControl.swift */,
				E1771B712063586A0050C244 /* WRProxy.swift */,
			);
			path = WRCycleScrollView;
			sourceTree = "<group>";
		};
		E1771B7620635F910050C244 /* WRNavigationBar */ = {
			isa = PBXGroup;
			children = (
				E1771B7720635F910050C244 /* WRCustomNavigationBar.swift */,
				E1771B7820635F910050C244 /* WRNavigationBar.swift */,
			);
			path = WRNavigationBar;
			sourceTree = "<group>";
		};
		E17A07CD2060CB5200887C69 = {
			isa = PBXGroup;
			children = (
				E17A07D82060CB5200887C69 /* SwiftTools */,
				E17A07D72060CB5200887C69 /* Products */,
				20F40E2C360040D1AE134162 /* Pods */,
				D7B6C20D3DC0EF9FE34B8CD4 /* Frameworks */,
			);
			sourceTree = "<group>";
		};
		E17A07D72060CB5200887C69 /* Products */ = {
			isa = PBXGroup;
			children = (
				E17A07D62060CB5200887C69 /* SwiftTools.app */,
			);
			name = Products;
			sourceTree = "<group>";
		};
		E17A07D82060CB5200887C69 /* SwiftTools */ = {
			isa = PBXGroup;
			children = (
				E17A07D92060CB5200887C69 /* AppDelegate.swift */,
				E17A07EC2060D09500887C69 /* Class */,
				E17A07EB2060D04E00887C69 /* Other */,
			);
			path = SwiftTools;
			sourceTree = "<group>";
		};
		E17A07EB2060D04E00887C69 /* Other */ = {
			isa = PBXGroup;
			children = (
				E17A07E02060CB5200887C69 /* Assets.xcassets */,
				E17A07E22060CB5200887C69 /* LaunchScreen.storyboard */,
				E17A07E52060CB5200887C69 /* Info.plist */,
				E158E3FB207C474E00D09EAC /* Bridging-Header.h */,
			);
			path = Other;
			sourceTree = "<group>";
		};
		E17A07EC2060D09500887C69 /* Class */ = {
			isa = PBXGroup;
			children = (
				E17A07F02060D8F900887C69 /* Main */,
				E17A07ED2060D0BB00887C69 /* Base */,
				E17A07F32060DD2400887C69 /* Home */,
				E17A07FA20610AE200887C69 /* Personal */,
				E17A07FD20610CB300887C69 /* Config */,
				E17A08002061113000887C69 /* Tools */,
				E17A08012061113100887C69 /* Utils */,
				E1771B6C206358400050C244 /* Vendor */,
			);
			path = Class;
			sourceTree = "<group>";
		};
		E17A07ED2060D0BB00887C69 /* Base */ = {
			isa = PBXGroup;
			children = (
				E17A07EE2060D0D800887C69 /* BaseViewController.swift */,
			);
			path = Base;
			sourceTree = "<group>";
		};
		E17A07F02060D8F900887C69 /* Main */ = {
			isa = PBXGroup;
			children = (
				E17A07F12060DADA00887C69 /* MainTabBarController.swift */,
				E17A07F62060EBCF00887C69 /* TabBarItemContentView.swift */,
				E17A07F82060FDB000887C69 /* NavigationViewController.swift */,
			);
			path = Main;
			sourceTree = "<group>";
		};
		E17A07F32060DD2400887C69 /* Home */ = {
			isa = PBXGroup;
			children = (
				E17A07F42060DD4100887C69 /* HomeViewController.swift */,
			);
			path = Home;
			sourceTree = "<group>";
		};
		E17A07FA20610AE200887C69 /* Personal */ = {
			isa = PBXGroup;
			children = (
				E17A08092061131A00887C69 /* TYS */,
			);
			path = Personal;
			sourceTree = "<group>";
		};
		E17A07FD20610CB300887C69 /* Config */ = {
			isa = PBXGroup;
			children = (
				E17A07FE20610CC900887C69 /* DimensMacros.swift */,
				E158E3FF207C565100D09EAC /* AppConfig.swift */,
			);
			path = Config;
			sourceTree = "<group>";
		};
		E17A08002061113000887C69 /* Tools */ = {
			isa = PBXGroup;
			children = (
				E16088FC2061EA4300580484 /* Tools.swift */,
				E1029F142069E8F000157324 /* TYSNetWorking */,
			);
			path = Tools;
			sourceTree = "<group>";
		};
		E17A08012061113100887C69 /* Utils */ = {
			isa = PBXGroup;
			children = (
				E18AE3C32064A53800655AD2 /* TextField.swift */,
				E197E5592073569E00B18E86 /* AYEdgeInsetsLabel.swift */,
				E197E55B2073602100B18E86 /* AYWKWebView.swift */,
				E1EF4AAE206CECFD00C93303 /* AYPageMenu.swift */,
				E1906544206E41F700E9F7F9 /* UIButton+Time.swift */,
				E17A08052061127000887C69 /* UIColor+HexString.swift */,
				E17A0807206112BD00887C69 /* UIButton+Countdown.swift */,
				E1800EE8207DC5A900A3A6AA /* UserDefaults+Save.swift */,
				E1427239207B68A2001FC52D /* AYKeychain.h */,
				E1427238207B68A2001FC52D /* AYKeychain.m */,
				E158E401207C7AC600D09EAC /* SwiftProgressHUD.swift */,
				E158E403207C7B2800D09EAC /* AYHUD.swift */,
			);
			path = Utils;
			sourceTree = "<group>";
		};
		E17A08092061131A00887C69 /* TYS */ = {
			isa = PBXGroup;
			children = (
				E16088FE20620B6E00580484 /* Common */,
				E17A080C206113B600887C69 /* Home */,
				E17A0811206113B600887C69 /* Login */,
				E17A0815206113B600887C69 /* Person */,
				E16A77932074A09500980B78 /* Live */,
			);
			path = TYS;
			sourceTree = "<group>";
		};
		E17A080C206113B600887C69 /* Home */ = {
			isa = PBXGroup;
			children = (
				E17A080D206113B600887C69 /* Controller */,
				E151919D2071E2A900C419A0 /* Page */,
				E17A080F206113B600887C69 /* Model */,
				E17A0810206113B600887C69 /* View */,
			);
			path = Home;
			sourceTree = "<group>";
		};
		E17A080D206113B600887C69 /* Controller */ = {
			isa = PBXGroup;
			children = (
				E16088FA2061E80300580484 /* TYSHomeViewController.swift */,
				E1EF4A9C206CC3E400C93303 /* TYSHotLiveViewController.swift */,
				E1EF4A9E206CC77F00C93303 /* TYSRecLiveViewController.swift */,
				E1FE70072073772A004B336B /* TYSHomeWebViewController.swift */,
			);
			path = Controller;
			sourceTree = "<group>";
		};
		E17A080F206113B600887C69 /* Model */ = {
			isa = PBXGroup;
			children = (
				E1029F102069E32600157324 /* TYSLiveCommonModel.swift */,
				E1029F27206A1E6100157324 /* TYSHomeLiveModel.swift */,
				E13964B9206B8F76002B4023 /* TYSInterestedPeopleModel.swift */,
				E1649365207B0EDF00A2AC18 /* TYSHomeADModel.swift */,
			);
			path = Model;
			sourceTree = "<group>";
		};
		E17A0810206113B600887C69 /* View */ = {
			isa = PBXGroup;
			children = (
				E181FC5E20624B2600E6684A /* TYSSectionView.swift */,
				E1771B7B20639D510050C244 /* TYSHotCollectionViewCell.swift */,
				E1771B7D2063A43E0050C244 /* TYSLikelyPeopleCollectionViewCell.swift */,
				E1771B832063A9EE0050C244 /* TYSHomeTabCollectionViewCell.swift */,
				E1771B6A206348DA0050C244 /* TYSCommonCollectionViewCell.swift */,
				E1771B812063A5ED0050C244 /* TYSCommonLikelyPeoCollectionViewCell.swift */,
				E1771B852063AB1B0050C244 /* TYSHomeTabCell.swift */,
			);
			path = View;
			sourceTree = "<group>";
		};
		E17A0811206113B600887C69 /* Login */ = {
			isa = PBXGroup;
			children = (
				E17A0812206113B600887C69 /* Controller */,
				E17A0813206113B600887C69 /* Model */,
				E17A0814206113B600887C69 /* View */,
			);
			path = Login;
			sourceTree = "<group>";
		};
		E17A0812206113B600887C69 /* Controller */ = {
			isa = PBXGroup;
			children = (
				E17A081A206113EC00887C69 /* TYSLoginViewController.swift */,
				E18AE3C120649FC200655AD2 /* TYSMobileLoginViewController.swift */,
			);
			path = Controller;
			sourceTree = "<group>";
		};
		E17A0813206113B600887C69 /* Model */ = {
			isa = PBXGroup;
			children = (
				E1427236207B53EC001FC52D /* TYSLoginModel.swift */,
			);
			path = Model;
			sourceTree = "<group>";
		};
		E17A0814206113B600887C69 /* View */ = {
			isa = PBXGroup;
			children = (
			);
			path = View;
			sourceTree = "<group>";
		};
		E17A0815206113B600887C69 /* Person */ = {
			isa = PBXGroup;
			children = (
				E17A0816206113B600887C69 /* Controller */,
				E17A0817206113B600887C69 /* Model */,
				E17A0818206113B600887C69 /* View */,
			);
			path = Person;
			sourceTree = "<group>";
		};
		E17A0816206113B600887C69 /* Controller */ = {
			isa = PBXGroup;
			children = (
				E1771B872063B77B0050C244 /* TYSPersonalViewController.swift */,
				E158E408207CB92100D09EAC /* TYSSettingViewController.swift */,
			);
			path = Controller;
			sourceTree = "<group>";
		};
		E17A0817206113B600887C69 /* Model */ = {
			isa = PBXGroup;
			children = (
				E1649367207B384A00A2AC18 /* TYSPersonalModel.swift */,
			);
			path = Model;
			sourceTree = "<group>";
		};
		E17A0818206113B600887C69 /* View */ = {
			isa = PBXGroup;
			children = (
				E197E553207329C800B18E86 /* TYSPersonalPublishCell.swift */,
				E197E55520732AB100B18E86 /* TYSPersonalPublishCollectionCell.swift */,
				E197E557207349D900B18E86 /* TYSPersonalCell.swift */,
				E158E40C207CBDA700D09EAC /* TYSSettingCell.swift */,
			);
			path = View;
			sourceTree = "<group>";
		};
		E197E548207313C900B18E86 /* View */ = {
			isa = PBXGroup;
			children = (
				E197E54A207313C900B18E86 /* TYSCommonPersonalCell.swift */,
				E197E54B207313C900B18E86 /* TYSSearchButton.swift */,
				E197E549207313C900B18E86 /* TYSBehaviorCell.swift */,
				E197E551207313FA00B18E86 /* TYSBeHaviorCollectionViewCell.swift */,
			);
			path = View;
			sourceTree = "<group>";
		};
		E197E54C207313C900B18E86 /* Controller */ = {
			isa = PBXGroup;
			children = (
			);
			path = Controller;
			sourceTree = "<group>";
		};
		E197E54D207313C900B18E86 /* Model */ = {
			isa = PBXGroup;
			children = (
			);
			path = Model;
			sourceTree = "<group>";
		};
		E1BF054A2079C17900B31104 /* AYScrollTableView */ = {
			isa = PBXGroup;
			children = (
				E1BF054B2079C18C00B31104 /* AYBaseViewController.swift */,
			);
			path = AYScrollTableView;
			sourceTree = "<group>";
		};
		E1F4C7682074BA2B0056B427 /* Page */ = {
			isa = PBXGroup;
			children = (
				E1F4C7692074BA2B0056B427 /* Controller */,
				E1F4C76A2074BA2B0056B427 /* Model */,
				E1F4C76B2074BA2B0056B427 /* View */,
			);
			path = Page;
			sourceTree = "<group>";
		};
		E1F4C7692074BA2B0056B427 /* Controller */ = {
			isa = PBXGroup;
			children = (
				E1F4C7722074BA9C0056B427 /* TYSLiveChatViewController.swift */,
				E1F4C7702074BA880056B427 /* TYSLiveSyncViewController.swift */,
				E1F4C76C2074BA690056B427 /* TYSLiveFileViewController.swift */,
				E1F4C76E2074BA770056B427 /* TYSLiveQuestionViewController.swift */,
			);
			path = Controller;
			sourceTree = "<group>";
		};
		E1F4C76A2074BA2B0056B427 /* Model */ = {
			isa = PBXGroup;
			children = (
			);
			path = Model;
			sourceTree = "<group>";
		};
		E1F4C76B2074BA2B0056B427 /* View */ = {
			isa = PBXGroup;
			children = (
			);
			path = View;
			sourceTree = "<group>";
		};
/* End PBXGroup section */

/* Begin PBXNativeTarget section */
		E17A07D52060CB5200887C69 /* SwiftTools */ = {
			isa = PBXNativeTarget;
			buildConfigurationList = E17A07E82060CB5200887C69 /* Build configuration list for PBXNativeTarget "SwiftTools" */;
			buildPhases = (
				629D711C31F7F033B55953AF /* [CP] Check Pods Manifest.lock */,
				E17A07D22060CB5200887C69 /* Sources */,
				E17A07D32060CB5200887C69 /* Frameworks */,
				E17A07D42060CB5200887C69 /* Resources */,
				3FBC9D884DA81D1B39E0B71F /* [CP] Embed Pods Frameworks */,
				73ED3CE53969356BC3B93FBB /* [CP] Copy Pods Resources */,
			);
			buildRules = (
			);
			dependencies = (
			);
			name = SwiftTools;
			productName = SwiftTools;
			productReference = E17A07D62060CB5200887C69 /* SwiftTools.app */;
			productType = "com.apple.product-type.application";
		};
/* End PBXNativeTarget section */

/* Begin PBXProject section */
		E17A07CE2060CB5200887C69 /* Project object */ = {
			isa = PBXProject;
			attributes = {
				CLASSPREFIX = "";
				LastSwiftUpdateCheck = 0920;
				LastUpgradeCheck = 0920;
				ORGANIZATIONNAME = ZSM;
				TargetAttributes = {
					E17A07D52060CB5200887C69 = {
						CreatedOnToolsVersion = 9.2;
						ProvisioningStyle = Automatic;
					};
				};
			};
			buildConfigurationList = E17A07D12060CB5200887C69 /* Build configuration list for PBXProject "SwiftTools" */;
			compatibilityVersion = "Xcode 8.0";
			developmentRegion = en;
			hasScannedForEncodings = 0;
			knownRegions = (
				en,
				Base,
			);
			mainGroup = E17A07CD2060CB5200887C69;
			productRefGroup = E17A07D72060CB5200887C69 /* Products */;
			projectDirPath = "";
			projectRoot = "";
			targets = (
				E17A07D52060CB5200887C69 /* SwiftTools */,
			);
		};
/* End PBXProject section */

/* Begin PBXResourcesBuildPhase section */
		E17A07D42060CB5200887C69 /* Resources */ = {
			isa = PBXResourcesBuildPhase;
			buildActionMask = 2147483647;
			files = (
				E17A07E42060CB5200887C69 /* LaunchScreen.storyboard in Resources */,
				E17A07E12060CB5200887C69 /* Assets.xcassets in Resources */,
			);
			runOnlyForDeploymentPostprocessing = 0;
		};
/* End PBXResourcesBuildPhase section */

/* Begin PBXShellScriptBuildPhase section */
		3FBC9D884DA81D1B39E0B71F /* [CP] Embed Pods Frameworks */ = {
			isa = PBXShellScriptBuildPhase;
			buildActionMask = 2147483647;
			files = (
			);
			inputPaths = (
				"${SRCROOT}/Pods/Target Support Files/Pods-SwiftTools/Pods-SwiftTools-frameworks.sh",
				"${BUILT_PRODUCTS_DIR}/Alamofire/Alamofire.framework",
				"${BUILT_PRODUCTS_DIR}/Cache/Cache.framework",
				"${BUILT_PRODUCTS_DIR}/ESTabBarController-swift/ESTabBarController_swift.framework",
				"${BUILT_PRODUCTS_DIR}/HandyJSON/HandyJSON.framework",
				"${BUILT_PRODUCTS_DIR}/IQKeyboardManagerSwift/IQKeyboardManagerSwift.framework",
				"${BUILT_PRODUCTS_DIR}/Kingfisher/Kingfisher.framework",
				"${BUILT_PRODUCTS_DIR}/MJRefresh/MJRefresh.framework",
				"${BUILT_PRODUCTS_DIR}/SnapKit/SnapKit.framework",
				"${BUILT_PRODUCTS_DIR}/SwiftyJSON/SwiftyJSON.framework",
			);
			name = "[CP] Embed Pods Frameworks";
			outputPaths = (
				"${TARGET_BUILD_DIR}/${FRAMEWORKS_FOLDER_PATH}/Alamofire.framework",
				"${TARGET_BUILD_DIR}/${FRAMEWORKS_FOLDER_PATH}/Cache.framework",
				"${TARGET_BUILD_DIR}/${FRAMEWORKS_FOLDER_PATH}/ESTabBarController_swift.framework",
				"${TARGET_BUILD_DIR}/${FRAMEWORKS_FOLDER_PATH}/HandyJSON.framework",
				"${TARGET_BUILD_DIR}/${FRAMEWORKS_FOLDER_PATH}/IQKeyboardManagerSwift.framework",
				"${TARGET_BUILD_DIR}/${FRAMEWORKS_FOLDER_PATH}/Kingfisher.framework",
				"${TARGET_BUILD_DIR}/${FRAMEWORKS_FOLDER_PATH}/MJRefresh.framework",
				"${TARGET_BUILD_DIR}/${FRAMEWORKS_FOLDER_PATH}/SnapKit.framework",
				"${TARGET_BUILD_DIR}/${FRAMEWORKS_FOLDER_PATH}/SwiftyJSON.framework",
			);
			runOnlyForDeploymentPostprocessing = 0;
			shellPath = /bin/sh;
			shellScript = "\"${SRCROOT}/Pods/Target Support Files/Pods-SwiftTools/Pods-SwiftTools-frameworks.sh\"\n";
			showEnvVarsInLog = 0;
		};
		629D711C31F7F033B55953AF /* [CP] Check Pods Manifest.lock */ = {
			isa = PBXShellScriptBuildPhase;
			buildActionMask = 2147483647;
			files = (
			);
			inputPaths = (
				"${PODS_PODFILE_DIR_PATH}/Podfile.lock",
				"${PODS_ROOT}/Manifest.lock",
			);
			name = "[CP] Check Pods Manifest.lock";
			outputPaths = (
				"$(DERIVED_FILE_DIR)/Pods-SwiftTools-checkManifestLockResult.txt",
			);
			runOnlyForDeploymentPostprocessing = 0;
			shellPath = /bin/sh;
			shellScript = "diff \"${PODS_PODFILE_DIR_PATH}/Podfile.lock\" \"${PODS_ROOT}/Manifest.lock\" > /dev/null\nif [ $? != 0 ] ; then\n    # print error to STDERR\n    echo \"error: The sandbox is not in sync with the Podfile.lock. Run 'pod install' or update your CocoaPods installation.\" >&2\n    exit 1\nfi\n# This output is used by Xcode 'outputs' to avoid re-running this script phase.\necho \"SUCCESS\" > \"${SCRIPT_OUTPUT_FILE_0}\"\n";
			showEnvVarsInLog = 0;
		};
		73ED3CE53969356BC3B93FBB /* [CP] Copy Pods Resources */ = {
			isa = PBXShellScriptBuildPhase;
			buildActionMask = 2147483647;
			files = (
			);
			inputPaths = (
			);
			name = "[CP] Copy Pods Resources";
			outputPaths = (
			);
			runOnlyForDeploymentPostprocessing = 0;
			shellPath = /bin/sh;
			shellScript = "\"${SRCROOT}/Pods/Target Support Files/Pods-SwiftTools/Pods-SwiftTools-resources.sh\"\n";
			showEnvVarsInLog = 0;
		};
/* End PBXShellScriptBuildPhase section */

/* Begin PBXSourcesBuildPhase section */
		E17A07D22060CB5200887C69 /* Sources */ = {
			isa = PBXSourcesBuildPhase;
			buildActionMask = 2147483647;
			files = (
				E122FD54207A231800DF0816 /* VodSDK.framework in Sources */,
				E15191CF2072344500C419A0 /* TYSConnectionLikelyPeoCell.swift in Sources */,
				E1800EEB207DE48C00A3A6AA /* TYSLiveJoinLiveModel.swift in Sources */,
				E158E409207CB92100D09EAC /* TYSSettingViewController.swift in Sources */,
				E197E55A2073569E00B18E86 /* AYEdgeInsetsLabel.swift in Sources */,
				E15191C32071E2A900C419A0 /* TYSTelBackViewController.swift in Sources */,
				E197E558207349D900B18E86 /* TYSPersonalCell.swift in Sources */,
				E16A779E2074ADA600980B78 /* TYSLiveAudioBackHeaderView.swift in Sources */,
				E1029F112069E32600157324 /* TYSLiveCommonModel.swift in Sources */,
				E15191BF2071E2A900C419A0 /* TYSRoadShowBackViewController.swift in Sources */,
				E15191C92071FD2D00C419A0 /* TYSRecReadContentCell.swift in Sources */,
				E1029F202069E8F000157324 /* AYValue.swift in Sources */,
				E17A08062061127000887C69 /* UIColor+HexString.swift in Sources */,
				E1EF4A9F206CC77F00C93303 /* TYSRecLiveViewController.swift in Sources */,
				E1771B7E2063A43E0050C244 /* TYSLikelyPeopleCollectionViewCell.swift in Sources */,
				E142723A207B68A2001FC52D /* AYKeychain.m in Sources */,
				E1029F1F2069E8F000157324 /* AYRequestManager.swift in Sources */,
				E15191BC2071E2A900C419A0 /* TYSRecReadAboutMeViewController.swift in Sources */,
				E17A0808206112BD00887C69 /* UIButton+Countdown.swift in Sources */,
				E16A77982074A10900980B78 /* TYSLiveAudioBackViewController.swift in Sources */,
				E17A07F92060FDB000887C69 /* NavigationViewController.swift in Sources */,
				E1FE70082073772A004B336B /* TYSHomeWebViewController.swift in Sources */,
				E158E400207C565100D09EAC /* AppConfig.swift in Sources */,
				E1771B7A20635F910050C244 /* WRNavigationBar.swift in Sources */,
				E1771B7920635F910050C244 /* WRCustomNavigationBar.swift in Sources */,
				E16088FD2061EA4300580484 /* Tools.swift in Sources */,
				E1029F262069ECD800157324 /* TYSRequestModel.swift in Sources */,
				E1029F212069E8F000157324 /* CacheKey.swift in Sources */,
				E1645269207DAC6F00BEB18A /* TYSLiveDetailModel.swift in Sources */,
				E17A07F72060EBCF00887C69 /* TabBarItemContentView.swift in Sources */,
				E1029F222069E8F000157324 /* TYSNetTools.swift in Sources */,
				E15191BD2071E2A900C419A0 /* TYSRecReadContentViewController.swift in Sources */,
				E164526B207DAEEF00BEB18A /* TYSLiveRequest.swift in Sources */,
				E1771B722063586A0050C244 /* WRCycleCell.swift in Sources */,
				E1771B862063AB1B0050C244 /* TYSHomeTabCell.swift in Sources */,
				E16088FB2061E80300580484 /* TYSHomeViewController.swift in Sources */,
				E197E54320730CB300B18E86 /* TYSConnectionAnalystCell.swift in Sources */,
				E1771B7C20639D510050C244 /* TYSHotCollectionViewCell.swift in Sources */,
				E15191BE2071E2A900C419A0 /* TYSRecReadViewController.swift in Sources */,
				E15191CB20721A0A00C419A0 /* TYSRecReadAboutMeCell.swift in Sources */,
				E1771B822063A5ED0050C244 /* TYSCommonLikelyPeoCollectionViewCell.swift in Sources */,
				E18AE3C220649FC200655AD2 /* TYSMobileLoginViewController.swift in Sources */,
				E17A081B206113EC00887C69 /* TYSLoginViewController.swift in Sources */,
				E13964BA206B8F76002B4023 /* TYSInterestedPeopleModel.swift in Sources */,
				E1771B732063586A0050C244 /* WRCycleScrollView.swift in Sources */,
				E1771B742063586A0050C244 /* WRPageControl.swift in Sources */,
				E1800EE9207DC5A900A3A6AA /* UserDefaults+Save.swift in Sources */,
				E17A07FF20610CC900887C69 /* DimensMacros.swift in Sources */,
				E197E550207313C900B18E86 /* TYSSearchButton.swift in Sources */,
				E1649368207B384A00A2AC18 /* TYSPersonalModel.swift in Sources */,
				E1F4C7732074BA9C0056B427 /* TYSLiveChatViewController.swift in Sources */,
				E197E54F207313C900B18E86 /* TYSCommonPersonalCell.swift in Sources */,
				E1771B842063A9EE0050C244 /* TYSHomeTabCollectionViewCell.swift in Sources */,
				E158E404207C7B2800D09EAC /* AYHUD.swift in Sources */,
				E1649366207B0EDF00A2AC18 /* TYSHomeADModel.swift in Sources */,
				E1BF054C2079C18C00B31104 /* AYBaseViewController.swift in Sources */,
				E1906545206E41F700E9F7F9 /* UIButton+Time.swift in Sources */,
				E1771B882063B77B0050C244 /* TYSPersonalViewController.swift in Sources */,
				E16A779C2074AAB100980B78 /* TYSLiveOtherPeopleRoomViewController.swift in Sources */,
				E15191C12071E2A900C419A0 /* TYSRoadShowNewsViewController.swift in Sources */,
				E1F4C76D2074BA690056B427 /* TYSLiveFileViewController.swift in Sources */,
				E1029F242069E91600157324 /* TYSBaseModel.swift in Sources */,
				E1029F2A206A3B9100157324 /* TYSHomeRequestNetworking.swift in Sources */,
				E164936A207B3BA500A2AC18 /* TYSPersonalRequestNetWorking.swift in Sources */,
				E15191C72071E2A900C419A0 /* TYSTelViewController.swift in Sources */,
				E1F4C76F2074BA770056B427 /* TYSLiveQuestionViewController.swift in Sources */,
				E16A779A2074AA9600980B78 /* TYSLivePersonalRoomViewController.swift in Sources */,
				E158E40D207CBDA700D09EAC /* TYSSettingCell.swift in Sources */,
				E1771B752063586A0050C244 /* WRProxy.swift in Sources */,
				E1F4C7712074BA880056B427 /* TYSLiveSyncViewController.swift in Sources */,
				E15191C02071E2A900C419A0 /* TYSRoadShowMyViewController.swift in Sources */,
				E1771B6B206348DA0050C244 /* TYSCommonCollectionViewCell.swift in Sources */,
				E1EF4A9D206CC3E500C93303 /* TYSHotLiveViewController.swift in Sources */,
				E1427237207B53EC001FC52D /* TYSLoginModel.swift in Sources */,
				E18AE3C42064A53800655AD2 /* TextField.swift in Sources */,
				E1EF4AAF206CECFD00C93303 /* AYPageMenu.swift in Sources */,
				E164526D207DB41300BEB18A /* TYSLiveSignupModel.swift in Sources */,
				E197E55C2073602100B18E86 /* AYWKWebView.swift in Sources */,
				E197E554207329C800B18E86 /* TYSPersonalPublishCell.swift in Sources */,
				E17A07DA2060CB5200887C69 /* AppDelegate.swift in Sources */,
				E15191C42071E2A900C419A0 /* TYSTelCalendarViewController.swift in Sources */,
				E181FC5F20624B2600E6684A /* TYSSectionView.swift in Sources */,
				E15191C22071E2A900C419A0 /* TYSRoadShowViewController.swift in Sources */,
				E15191BB2071E2A900C419A0 /* TYSConnectionViewController.swift in Sources */,
				E158E402207C7AC600D09EAC /* SwiftProgressHUD.swift in Sources */,
				E15191C52071E2A900C419A0 /* TYSTelMyViewController.swift in Sources */,
				E17A07EF2060D0D800887C69 /* BaseViewController.swift in Sources */,
				E1029F1D2069E8F000157324 /* AYCacheManager.swift in Sources */,
				E1029F1E2069E8F000157324 /* AYNetTools.swift in Sources */,
				E197E54520730F1100B18E86 /* TYSConnectionAnalystCollectionCell.swift in Sources */,
				E1427235207B5367001FC52D /* TYSLoginRequest.swift in Sources */,
				E15191C62071E2A900C419A0 /* TYSTelNewsLiveViewController.swift in Sources */,
				E197E552207313FA00B18E86 /* TYSBeHaviorCollectionViewCell.swift in Sources */,
				E17A07F22060DADA00887C69 /* MainTabBarController.swift in Sources */,
				E197E55620732AB100B18E86 /* TYSPersonalPublishCollectionCell.swift in Sources */,
				E1029F28206A1E6100157324 /* TYSHomeLiveModel.swift in Sources */,
				E197E54E207313C900B18E86 /* TYSBehaviorCell.swift in Sources */,
				E17A07F52060DD4100887C69 /* HomeViewController.swift in Sources */,
			);
			runOnlyForDeploymentPostprocessing = 0;
		};
/* End PBXSourcesBuildPhase section */

/* Begin PBXVariantGroup section */
		E17A07E22060CB5200887C69 /* LaunchScreen.storyboard */ = {
			isa = PBXVariantGroup;
			children = (
				E17A07E32060CB5200887C69 /* Base */,
			);
			name = LaunchScreen.storyboard;
			sourceTree = "<group>";
		};
/* End PBXVariantGroup section */

/* Begin XCBuildConfiguration section */
		E17A07E62060CB5200887C69 /* Debug */ = {
			isa = XCBuildConfiguration;
			buildSettings = {
				ALWAYS_SEARCH_USER_PATHS = NO;
				CLANG_ANALYZER_NONNULL = YES;
				CLANG_ANALYZER_NUMBER_OBJECT_CONVERSION = YES_AGGRESSIVE;
				CLANG_CXX_LANGUAGE_STANDARD = "gnu++14";
				CLANG_CXX_LIBRARY = "libc++";
				CLANG_ENABLE_MODULES = YES;
				CLANG_ENABLE_OBJC_ARC = YES;
				CLANG_WARN_BLOCK_CAPTURE_AUTORELEASING = YES;
				CLANG_WARN_BOOL_CONVERSION = YES;
				CLANG_WARN_COMMA = YES;
				CLANG_WARN_CONSTANT_CONVERSION = YES;
				CLANG_WARN_DIRECT_OBJC_ISA_USAGE = YES_ERROR;
				CLANG_WARN_DOCUMENTATION_COMMENTS = YES;
				CLANG_WARN_EMPTY_BODY = YES;
				CLANG_WARN_ENUM_CONVERSION = YES;
				CLANG_WARN_INFINITE_RECURSION = YES;
				CLANG_WARN_INT_CONVERSION = YES;
				CLANG_WARN_NON_LITERAL_NULL_CONVERSION = YES;
				CLANG_WARN_OBJC_LITERAL_CONVERSION = YES;
				CLANG_WARN_OBJC_ROOT_CLASS = YES_ERROR;
				CLANG_WARN_RANGE_LOOP_ANALYSIS = YES;
				CLANG_WARN_STRICT_PROTOTYPES = YES;
				CLANG_WARN_SUSPICIOUS_MOVE = YES;
				CLANG_WARN_UNGUARDED_AVAILABILITY = YES_AGGRESSIVE;
				CLANG_WARN_UNREACHABLE_CODE = YES;
				CLANG_WARN__DUPLICATE_METHOD_MATCH = YES;
				CODE_SIGN_IDENTITY = "iPhone Developer";
				COPY_PHASE_STRIP = NO;
				DEBUG_INFORMATION_FORMAT = dwarf;
				ENABLE_STRICT_OBJC_MSGSEND = YES;
				ENABLE_TESTABILITY = YES;
				GCC_C_LANGUAGE_STANDARD = gnu11;
				GCC_DYNAMIC_NO_PIC = NO;
				GCC_NO_COMMON_BLOCKS = YES;
				GCC_OPTIMIZATION_LEVEL = 0;
				GCC_PREPROCESSOR_DEFINITIONS = (
					"DEBUG=1",
					"$(inherited)",
				);
				GCC_WARN_64_TO_32_BIT_CONVERSION = YES;
				GCC_WARN_ABOUT_RETURN_TYPE = YES_ERROR;
				GCC_WARN_UNDECLARED_SELECTOR = YES;
				GCC_WARN_UNINITIALIZED_AUTOS = YES_AGGRESSIVE;
				GCC_WARN_UNUSED_FUNCTION = YES;
				GCC_WARN_UNUSED_VARIABLE = YES;
				IPHONEOS_DEPLOYMENT_TARGET = 11.2;
				MTL_ENABLE_DEBUG_INFO = YES;
				ONLY_ACTIVE_ARCH = YES;
				SDKROOT = iphoneos;
				SWIFT_ACTIVE_COMPILATION_CONDITIONS = DEBUG;
				SWIFT_OPTIMIZATION_LEVEL = "-Onone";
			};
			name = Debug;
		};
		E17A07E72060CB5200887C69 /* Release */ = {
			isa = XCBuildConfiguration;
			buildSettings = {
				ALWAYS_SEARCH_USER_PATHS = NO;
				CLANG_ANALYZER_NONNULL = YES;
				CLANG_ANALYZER_NUMBER_OBJECT_CONVERSION = YES_AGGRESSIVE;
				CLANG_CXX_LANGUAGE_STANDARD = "gnu++14";
				CLANG_CXX_LIBRARY = "libc++";
				CLANG_ENABLE_MODULES = YES;
				CLANG_ENABLE_OBJC_ARC = YES;
				CLANG_WARN_BLOCK_CAPTURE_AUTORELEASING = YES;
				CLANG_WARN_BOOL_CONVERSION = YES;
				CLANG_WARN_COMMA = YES;
				CLANG_WARN_CONSTANT_CONVERSION = YES;
				CLANG_WARN_DIRECT_OBJC_ISA_USAGE = YES_ERROR;
				CLANG_WARN_DOCUMENTATION_COMMENTS = YES;
				CLANG_WARN_EMPTY_BODY = YES;
				CLANG_WARN_ENUM_CONVERSION = YES;
				CLANG_WARN_INFINITE_RECURSION = YES;
				CLANG_WARN_INT_CONVERSION = YES;
				CLANG_WARN_NON_LITERAL_NULL_CONVERSION = YES;
				CLANG_WARN_OBJC_LITERAL_CONVERSION = YES;
				CLANG_WARN_OBJC_ROOT_CLASS = YES_ERROR;
				CLANG_WARN_RANGE_LOOP_ANALYSIS = YES;
				CLANG_WARN_STRICT_PROTOTYPES = YES;
				CLANG_WARN_SUSPICIOUS_MOVE = YES;
				CLANG_WARN_UNGUARDED_AVAILABILITY = YES_AGGRESSIVE;
				CLANG_WARN_UNREACHABLE_CODE = YES;
				CLANG_WARN__DUPLICATE_METHOD_MATCH = YES;
				CODE_SIGN_IDENTITY = "iPhone Developer";
				COPY_PHASE_STRIP = NO;
				DEBUG_INFORMATION_FORMAT = "dwarf-with-dsym";
				ENABLE_NS_ASSERTIONS = NO;
				ENABLE_STRICT_OBJC_MSGSEND = YES;
				GCC_C_LANGUAGE_STANDARD = gnu11;
				GCC_NO_COMMON_BLOCKS = YES;
				GCC_WARN_64_TO_32_BIT_CONVERSION = YES;
				GCC_WARN_ABOUT_RETURN_TYPE = YES_ERROR;
				GCC_WARN_UNDECLARED_SELECTOR = YES;
				GCC_WARN_UNINITIALIZED_AUTOS = YES_AGGRESSIVE;
				GCC_WARN_UNUSED_FUNCTION = YES;
				GCC_WARN_UNUSED_VARIABLE = YES;
				IPHONEOS_DEPLOYMENT_TARGET = 11.2;
				MTL_ENABLE_DEBUG_INFO = NO;
				SDKROOT = iphoneos;
				SWIFT_OPTIMIZATION_LEVEL = "-Owholemodule";
				VALIDATE_PRODUCT = YES;
			};
			name = Release;
		};
		E17A07E92060CB5200887C69 /* Debug */ = {
			isa = XCBuildConfiguration;
			baseConfigurationReference = 154428B7E3A5B402739B4136 /* Pods-SwiftTools.debug.xcconfig */;
			buildSettings = {
				ASSETCATALOG_COMPILER_APPICON_NAME = AppIcon;
				ASSETCATALOG_COMPILER_LAUNCHIMAGE_NAME = LaunchImage;
				CODE_SIGN_STYLE = Automatic;
				DEVELOPMENT_TEAM = 5ZB67NUCDZ;
				ENABLE_BITCODE = NO;
				FRAMEWORK_SEARCH_PATHS = (
					"$(inherited)",
					"$(PROJECT_DIR)/SwiftTools/Class/Vendor/GenseeSDK",
				);
				INFOPLIST_FILE = "$(SRCROOT)/SwiftTools/Other/Info.plist";
				IPHONEOS_DEPLOYMENT_TARGET = 8.0;
				LD_RUNPATH_SEARCH_PATHS = "$(inherited) @executable_path/Frameworks";
				OTHER_LDFLAGS = (
					"$(inherited)",
					"-framework",
					"\"Alamofire\"",
					"-framework",
					"\"Cache\"",
					"-framework",
					"\"ESTabBarController_swift\"",
					"-framework",
					"\"HandyJSON\"",
					"-framework",
					"\"IQKeyboardManagerSwift\"",
					"-framework",
					"\"Kingfisher\"",
					"-framework",
					"\"MJRefresh\"",
					"-framework",
					"\"SnapKit\"",
					"-framework",
					"\"SwiftyJSON\"",
					"-lc++",
				);
				PRODUCT_BUNDLE_IDENTIFIER = com.aiyi.SwiftTools;
				PRODUCT_NAME = "$(TARGET_NAME)";
				SWIFT_OBJC_BRIDGING_HEADER = "SwiftTools/Other/Bridging-Header.h";
				SWIFT_VERSION = 4.0;
				TARGETED_DEVICE_FAMILY = 1;
			};
			name = Debug;
		};
		E17A07EA2060CB5200887C69 /* Release */ = {
			isa = XCBuildConfiguration;
			baseConfigurationReference = C10B39A2E413B97ED81B0D42 /* Pods-SwiftTools.release.xcconfig */;
			buildSettings = {
				ASSETCATALOG_COMPILER_APPICON_NAME = AppIcon;
				ASSETCATALOG_COMPILER_LAUNCHIMAGE_NAME = LaunchImage;
				CODE_SIGN_STYLE = Automatic;
				DEVELOPMENT_TEAM = 5ZB67NUCDZ;
				ENABLE_BITCODE = NO;
				FRAMEWORK_SEARCH_PATHS = (
					"$(inherited)",
					"$(PROJECT_DIR)/SwiftTools/Class/Vendor/GenseeSDK",
				);
				INFOPLIST_FILE = "$(SRCROOT)/SwiftTools/Other/Info.plist";
				IPHONEOS_DEPLOYMENT_TARGET = 8.0;
				LD_RUNPATH_SEARCH_PATHS = "$(inherited) @executable_path/Frameworks";
				OTHER_LDFLAGS = (
					"$(inherited)",
					"-framework",
					"\"Alamofire\"",
					"-framework",
					"\"Cache\"",
					"-framework",
					"\"ESTabBarController_swift\"",
					"-framework",
					"\"HandyJSON\"",
					"-framework",
					"\"IQKeyboardManagerSwift\"",
					"-framework",
					"\"Kingfisher\"",
					"-framework",
					"\"MJRefresh\"",
					"-framework",
					"\"SnapKit\"",
					"-framework",
					"\"SwiftyJSON\"",
					"-lc++",
				);
				PRODUCT_BUNDLE_IDENTIFIER = com.aiyi.SwiftTools;
				PRODUCT_NAME = "$(TARGET_NAME)";
				SWIFT_OBJC_BRIDGING_HEADER = "SwiftTools/Other/Bridging-Header.h";
				SWIFT_VERSION = 4.0;
				TARGETED_DEVICE_FAMILY = 1;
			};
			name = Release;
		};
/* End XCBuildConfiguration section */

/* Begin XCConfigurationList section */
		E17A07D12060CB5200887C69 /* Build configuration list for PBXProject "SwiftTools" */ = {
			isa = XCConfigurationList;
			buildConfigurations = (
				E17A07E62060CB5200887C69 /* Debug */,
				E17A07E72060CB5200887C69 /* Release */,
			);
			defaultConfigurationIsVisible = 0;
			defaultConfigurationName = Release;
		};
		E17A07E82060CB5200887C69 /* Build configuration list for PBXNativeTarget "SwiftTools" */ = {
			isa = XCConfigurationList;
			buildConfigurations = (
				E17A07E92060CB5200887C69 /* Debug */,
				E17A07EA2060CB5200887C69 /* Release */,
			);
			defaultConfigurationIsVisible = 0;
			defaultConfigurationName = Release;
		};
/* End XCConfigurationList section */
	};
	rootObject = E17A07CE2060CB5200887C69 /* Project object */;
}
